// !$*UTF8*$!
{
	archiveVersion = 1;
	classes = {
	};
	objectVersion = 46;
	objects = {

/* Begin PBXBuildFile section */
		1D3623260D0F684500981E51 /* WordQuizAppDelegate.m in Sources */ = {isa = PBXBuildFile; fileRef = 1D3623250D0F684500981E51 /* WordQuizAppDelegate.m */; };
		1D60589B0D05DD56006BFB54 /* main.m in Sources */ = {isa = PBXBuildFile; fileRef = 29B97316FDCFA39411CA2CEA /* main.m */; };
		2804200B108E984D000629CD /* RootViewController.m in Sources */ = {isa = PBXBuildFile; fileRef = 28042008108E984D000629CD /* RootViewController.m */; };
		2804200C108E984D000629CD /* DetailViewController.m in Sources */ = {isa = PBXBuildFile; fileRef = 2804200A108E984D000629CD /* DetailViewController.m */; };
		D00B2AE4126E76F000F2EEFC /* background.png in Resources */ = {isa = PBXBuildFile; fileRef = D00B2AE3126E76F000F2EEFC /* background.png */; };
		D0130A3E125AB58C0085482E /* ModePickerController.m in Sources */ = {isa = PBXBuildFile; fileRef = D0130A3D125AB58C0085482E /* ModePickerController.m */; };
		D01DC8FE121F4252006671A1 /* Icon-72.png in Resources */ = {isa = PBXBuildFile; fileRef = D01DC8FD121F4252006671A1 /* Icon-72.png */; };
		D01DC966121F57B0006671A1 /* FCView.xib in Resources */ = {isa = PBXBuildFile; fileRef = D01DC963121F57B0006671A1 /* FCView.xib */; };
		D01DC967121F57B0006671A1 /* MCView.xib in Resources */ = {isa = PBXBuildFile; fileRef = D01DC964121F57B0006671A1 /* MCView.xib */; };
		D01DC968121F57B0006671A1 /* QAView.xib in Resources */ = {isa = PBXBuildFile; fileRef = D01DC965121F57B0006671A1 /* QAView.xib */; };
		D01DC970121F57F2006671A1 /* FCViewController.m in Sources */ = {isa = PBXBuildFile; fileRef = D01DC96B121F57F2006671A1 /* FCViewController.m */; };
		D01DC971121F57F2006671A1 /* MCViewController.m in Sources */ = {isa = PBXBuildFile; fileRef = D01DC96D121F57F2006671A1 /* MCViewController.m */; };
		D01DC972121F57F2006671A1 /* QAViewController.m in Sources */ = {isa = PBXBuildFile; fileRef = D01DC96F121F57F2006671A1 /* QAViewController.m */; };
		D01DC97B121F5981006671A1 /* HomeViewController.m in Sources */ = {isa = PBXBuildFile; fileRef = D01DC979121F5981006671A1 /* HomeViewController.m */; };
		D043038615155575002374F3 /* Icon-144.png in Resources */ = {isa = PBXBuildFile; fileRef = D043038515155575002374F3 /* Icon-144.png */; };
		D043038815165A6E002374F3 /* background@2x.png in Resources */ = {isa = PBXBuildFile; fileRef = D043038715165A6E002374F3 /* background@2x.png */; };
		D043039215165F03002374F3 /* knowButton_225@2x.png in Resources */ = {isa = PBXBuildFile; fileRef = D043039115165F03002374F3 /* knowButton_225@2x.png */; };
		D043039415165FC3002374F3 /* dontknowButton_225@2x.png in Resources */ = {isa = PBXBuildFile; fileRef = D043039315165FC2002374F3 /* dontknowButton_225@2x.png */; };
		D0430399151683FD002374F3 /* icon_about.png in Resources */ = {isa = PBXBuildFile; fileRef = D0430397151683FD002374F3 /* icon_about.png */; };
		D043039A151683FD002374F3 /* icon_about@2x.png in Resources */ = {isa = PBXBuildFile; fileRef = D0430398151683FD002374F3 /* icon_about@2x.png */; };
		D04303A01516883E002374F3 /* homeTab@2x.png in Resources */ = {isa = PBXBuildFile; fileRef = D043039F1516883E002374F3 /* homeTab@2x.png */; };
		D04303A41516893B002374F3 /* flashTab@2x.png in Resources */ = {isa = PBXBuildFile; fileRef = D04303A11516893B002374F3 /* flashTab@2x.png */; };
		D04303A51516893B002374F3 /* multipleTab@2x.png in Resources */ = {isa = PBXBuildFile; fileRef = D04303A21516893B002374F3 /* multipleTab@2x.png */; };
		D04303A61516893B002374F3 /* qaTab@2x.png in Resources */ = {isa = PBXBuildFile; fileRef = D04303A31516893B002374F3 /* qaTab@2x.png */; };
		D04BD0B413C90DDC006A7387 /* Example.kvtml in Resources */ = {isa = PBXBuildFile; fileRef = D04BD0B113C90DDC006A7387 /* Example.kvtml */; };
		D04BD0B513C90DDC006A7387 /* French Verbs.kvtml in Resources */ = {isa = PBXBuildFile; fileRef = D04BD0B213C90DDC006A7387 /* French Verbs.kvtml */; };
		D04BD0B613C90DDC006A7387 /* US States and Capitals.kvtml in Resources */ = {isa = PBXBuildFile; fileRef = D04BD0B313C90DDC006A7387 /* US States and Capitals.kvtml */; };
		D04CF951122F371300B446E8 /* iWQQuiz.m in Sources */ = {isa = PBXBuildFile; fileRef = D04CF950122F371300B446E8 /* iWQQuiz.m */; };
		D0549F91151BC37900BDE78C /* MDSpreadView.m in Sources */ = {isa = PBXBuildFile; fileRef = D0549F54151BC37900BDE78C /* MDSpreadView.m */; };
		D0549F92151BC37900BDE78C /* MDSpreadViewAxisDescriptor.m in Sources */ = {isa = PBXBuildFile; fileRef = D0549F56151BC37900BDE78C /* MDSpreadViewAxisDescriptor.m */; };
		D0549F93151BC37900BDE78C /* MDSpreadViewCell.m in Sources */ = {isa = PBXBuildFile; fileRef = D0549F58151BC37900BDE78C /* MDSpreadViewCell.m */; };
		D0549F94151BC37900BDE78C /* MDSpreadViewCellBackground.m in Sources */ = {isa = PBXBuildFile; fileRef = D0549F5A151BC37900BDE78C /* MDSpreadViewCellBackground.m */; };
		D0549F95151BC37900BDE78C /* MDSpreadViewCellColumnHeaderBackground.m in Sources */ = {isa = PBXBuildFile; fileRef = D0549F5C151BC37900BDE78C /* MDSpreadViewCellColumnHeaderBackground.m */; };
		D0549F96151BC37900BDE78C /* MDSpreadViewCellCornerHeaderBackground.m in Sources */ = {isa = PBXBuildFile; fileRef = D0549F5E151BC37900BDE78C /* MDSpreadViewCellCornerHeaderBackground.m */; };
		D0549F97151BC37900BDE78C /* MDSpreadViewCellDescriptor.m in Sources */ = {isa = PBXBuildFile; fileRef = D0549F60151BC37900BDE78C /* MDSpreadViewCellDescriptor.m */; };
		D0549F98151BC37900BDE78C /* MDSpreadViewCellRowHeaderBackground.m in Sources */ = {isa = PBXBuildFile; fileRef = D0549F62151BC37900BDE78C /* MDSpreadViewCellRowHeaderBackground.m */; };
		D0549F99151BC37900BDE78C /* MDSpreadViewDescriptor.m in Sources */ = {isa = PBXBuildFile; fileRef = D0549F65151BC37900BDE78C /* MDSpreadViewDescriptor.m */; };
		D0549F9A151BC37900BDE78C /* MDSpreadViewHeaderCell.m in Sources */ = {isa = PBXBuildFile; fileRef = D0549F67151BC37900BDE78C /* MDSpreadViewHeaderCell.m */; };
		D0549F9B151BC37900BDE78C /* MDSpreadViewSectionDescriptor.m in Sources */ = {isa = PBXBuildFile; fileRef = D0549F69151BC37900BDE78C /* MDSpreadViewSectionDescriptor.m */; };
		D0549F9C151BC37900BDE78C /* NSIndexPath+MDSpreadView.m in Sources */ = {isa = PBXBuildFile; fileRef = D0549F6B151BC37900BDE78C /* NSIndexPath+MDSpreadView.m */; };
		D0549F9D151BC37900BDE78C /* MDSpreadViewCell.png in Resources */ = {isa = PBXBuildFile; fileRef = D0549F6D151BC37900BDE78C /* MDSpreadViewCell.png */; };
		D0549F9E151BC37900BDE78C /* MDSpreadViewCell@2x.png in Resources */ = {isa = PBXBuildFile; fileRef = D0549F6E151BC37900BDE78C /* MDSpreadViewCell@2x.png */; };
		D0549F9F151BC37900BDE78C /* MDSpreadViewCellSelected.png in Resources */ = {isa = PBXBuildFile; fileRef = D0549F6F151BC37900BDE78C /* MDSpreadViewCellSelected.png */; };
		D0549FA0151BC37900BDE78C /* MDSpreadViewCellSelected@2x.png in Resources */ = {isa = PBXBuildFile; fileRef = D0549F70151BC37900BDE78C /* MDSpreadViewCellSelected@2x.png */; };
		D0549FA1151BC37900BDE78C /* MDSpreadViewColumnHeaderLeft.png in Resources */ = {isa = PBXBuildFile; fileRef = D0549F71151BC37900BDE78C /* MDSpreadViewColumnHeaderLeft.png */; };
		D0549FA2151BC37900BDE78C /* MDSpreadViewColumnHeaderLeft@2x.png in Resources */ = {isa = PBXBuildFile; fileRef = D0549F72151BC37900BDE78C /* MDSpreadViewColumnHeaderLeft@2x.png */; };
		D0549FA3151BC37900BDE78C /* MDSpreadViewColumnHeaderLeftSelected.png in Resources */ = {isa = PBXBuildFile; fileRef = D0549F73151BC37900BDE78C /* MDSpreadViewColumnHeaderLeftSelected.png */; };
		D0549FA4151BC37900BDE78C /* MDSpreadViewColumnHeaderLeftSelected@2x.png in Resources */ = {isa = PBXBuildFile; fileRef = D0549F74151BC37900BDE78C /* MDSpreadViewColumnHeaderLeftSelected@2x.png */; };
		D0549FA5151BC37900BDE78C /* MDSpreadViewColumnHeaderRight.png in Resources */ = {isa = PBXBuildFile; fileRef = D0549F75151BC37900BDE78C /* MDSpreadViewColumnHeaderRight.png */; };
		D0549FA6151BC37900BDE78C /* MDSpreadViewColumnHeaderRight@2x.png in Resources */ = {isa = PBXBuildFile; fileRef = D0549F76151BC37900BDE78C /* MDSpreadViewColumnHeaderRight@2x.png */; };
		D0549FA7151BC37900BDE78C /* MDSpreadViewColumnHeaderRightSelected.png in Resources */ = {isa = PBXBuildFile; fileRef = D0549F77151BC37900BDE78C /* MDSpreadViewColumnHeaderRightSelected.png */; };
		D0549FA8151BC37900BDE78C /* MDSpreadViewColumnHeaderRightSelected@2x.png in Resources */ = {isa = PBXBuildFile; fileRef = D0549F78151BC37900BDE78C /* MDSpreadViewColumnHeaderRightSelected@2x.png */; };
		D0549FA9151BC37900BDE78C /* MDSpreadViewCornerBottomLeft.png in Resources */ = {isa = PBXBuildFile; fileRef = D0549F79151BC37900BDE78C /* MDSpreadViewCornerBottomLeft.png */; };
		D0549FAA151BC37900BDE78C /* MDSpreadViewCornerBottomLeft@2x.png in Resources */ = {isa = PBXBuildFile; fileRef = D0549F7A151BC37900BDE78C /* MDSpreadViewCornerBottomLeft@2x.png */; };
		D0549FAB151BC37900BDE78C /* MDSpreadViewCornerBottomLeftSelected.png in Resources */ = {isa = PBXBuildFile; fileRef = D0549F7B151BC37900BDE78C /* MDSpreadViewCornerBottomLeftSelected.png */; };
		D0549FAC151BC37900BDE78C /* MDSpreadViewCornerBottomLeftSelected@2x.png in Resources */ = {isa = PBXBuildFile; fileRef = D0549F7C151BC37900BDE78C /* MDSpreadViewCornerBottomLeftSelected@2x.png */; };
		D0549FAD151BC37900BDE78C /* MDSpreadViewCornerBottomRight.png in Resources */ = {isa = PBXBuildFile; fileRef = D0549F7D151BC37900BDE78C /* MDSpreadViewCornerBottomRight.png */; };
		D0549FAE151BC37900BDE78C /* MDSpreadViewCornerBottomRight@2x.png in Resources */ = {isa = PBXBuildFile; fileRef = D0549F7E151BC37900BDE78C /* MDSpreadViewCornerBottomRight@2x.png */; };
		D0549FAF151BC37900BDE78C /* MDSpreadViewCornerBottomRightSelected.png in Resources */ = {isa = PBXBuildFile; fileRef = D0549F7F151BC37900BDE78C /* MDSpreadViewCornerBottomRightSelected.png */; };
		D0549FB0151BC37900BDE78C /* MDSpreadViewCornerBottomRightSelected@2x.png in Resources */ = {isa = PBXBuildFile; fileRef = D0549F80151BC37900BDE78C /* MDSpreadViewCornerBottomRightSelected@2x.png */; };
		D0549FB1151BC37900BDE78C /* MDSpreadViewCornerTopLeft.png in Resources */ = {isa = PBXBuildFile; fileRef = D0549F81151BC37900BDE78C /* MDSpreadViewCornerTopLeft.png */; };
		D0549FB2151BC37900BDE78C /* MDSpreadViewCornerTopLeft@2x.png in Resources */ = {isa = PBXBuildFile; fileRef = D0549F82151BC37900BDE78C /* MDSpreadViewCornerTopLeft@2x.png */; };
		D0549FB3151BC37900BDE78C /* MDSpreadViewCornerTopLeftSelected.png in Resources */ = {isa = PBXBuildFile; fileRef = D0549F83151BC37900BDE78C /* MDSpreadViewCornerTopLeftSelected.png */; };
		D0549FB4151BC37900BDE78C /* MDSpreadViewCornerTopLeftSelected@2x.png in Resources */ = {isa = PBXBuildFile; fileRef = D0549F84151BC37900BDE78C /* MDSpreadViewCornerTopLeftSelected@2x.png */; };
		D0549FB5151BC37900BDE78C /* MDSpreadViewCornerTopRight.png in Resources */ = {isa = PBXBuildFile; fileRef = D0549F85151BC37900BDE78C /* MDSpreadViewCornerTopRight.png */; };
		D0549FB6151BC37900BDE78C /* MDSpreadViewCornerTopRight@2x.png in Resources */ = {isa = PBXBuildFile; fileRef = D0549F86151BC37900BDE78C /* MDSpreadViewCornerTopRight@2x.png */; };
		D0549FB7151BC37900BDE78C /* MDSpreadViewCornerTopRightSelected.png in Resources */ = {isa = PBXBuildFile; fileRef = D0549F87151BC37900BDE78C /* MDSpreadViewCornerTopRightSelected.png */; };
		D0549FB8151BC37900BDE78C /* MDSpreadViewCornerTopRightSelected@2x.png in Resources */ = {isa = PBXBuildFile; fileRef = D0549F88151BC37900BDE78C /* MDSpreadViewCornerTopRightSelected@2x.png */; };
		D0549FB9151BC37900BDE78C /* MDSpreadViewRowHeaderBottom.png in Resources */ = {isa = PBXBuildFile; fileRef = D0549F89151BC37900BDE78C /* MDSpreadViewRowHeaderBottom.png */; };
		D0549FBA151BC37900BDE78C /* MDSpreadViewRowHeaderBottom@2x.png in Resources */ = {isa = PBXBuildFile; fileRef = D0549F8A151BC37900BDE78C /* MDSpreadViewRowHeaderBottom@2x.png */; };
		D0549FBB151BC37900BDE78C /* MDSpreadViewRowHeaderBottomSelected.png in Resources */ = {isa = PBXBuildFile; fileRef = D0549F8B151BC37900BDE78C /* MDSpreadViewRowHeaderBottomSelected.png */; };
		D0549FBC151BC37900BDE78C /* MDSpreadViewRowHeaderBottomSelected@2x.png in Resources */ = {isa = PBXBuildFile; fileRef = D0549F8C151BC37900BDE78C /* MDSpreadViewRowHeaderBottomSelected@2x.png */; };
		D0549FBD151BC37900BDE78C /* MDSpreadViewRowHeaderTop.png in Resources */ = {isa = PBXBuildFile; fileRef = D0549F8D151BC37900BDE78C /* MDSpreadViewRowHeaderTop.png */; };
		D0549FBE151BC37900BDE78C /* MDSpreadViewRowHeaderTop@2x.png in Resources */ = {isa = PBXBuildFile; fileRef = D0549F8E151BC37900BDE78C /* MDSpreadViewRowHeaderTop@2x.png */; };
		D0549FBF151BC37900BDE78C /* MDSpreadViewRowHeaderTopSelected.png in Resources */ = {isa = PBXBuildFile; fileRef = D0549F8F151BC37900BDE78C /* MDSpreadViewRowHeaderTopSelected.png */; };
		D0549FC0151BC37900BDE78C /* MDSpreadViewRowHeaderTopSelected@2x.png in Resources */ = {isa = PBXBuildFile; fileRef = D0549F90151BC37900BDE78C /* MDSpreadViewRowHeaderTopSelected@2x.png */; };
		D0549FC2151BCADB00BDE78C /* QuartzCore.framework in Frameworks */ = {isa = PBXBuildFile; fileRef = D0549FC1151BCADB00BDE78C /* QuartzCore.framework */; };
		D067771F12D6563800FCFFD0 /* AboutView.xib in Resources */ = {isa = PBXBuildFile; fileRef = D067771D12D6563800FCFFD0 /* AboutView.xib */; };
		D074FB1C12249EBC00E8C175 /* flashTab.png in Resources */ = {isa = PBXBuildFile; fileRef = D074FB1512249EBC00E8C175 /* flashTab.png */; };
		D074FB1E12249EBC00E8C175 /* homeTab.png in Resources */ = {isa = PBXBuildFile; fileRef = D074FB1712249EBC00E8C175 /* homeTab.png */; };
		D074FB2012249EBC00E8C175 /* multipleTab.png in Resources */ = {isa = PBXBuildFile; fileRef = D074FB1912249EBC00E8C175 /* multipleTab.png */; };
		D074FB2112249EBC00E8C175 /* qaTab.png in Resources */ = {isa = PBXBuildFile; fileRef = D074FB1A12249EBC00E8C175 /* qaTab.png */; };
		D092B32112CD55FE000D7E87 /* Default-Landscape.png in Resources */ = {isa = PBXBuildFile; fileRef = D092B32012CD55FE000D7E87 /* Default-Landscape.png */; };
		D092B32712CD5F90000D7E87 /* Default-Portrait.png in Resources */ = {isa = PBXBuildFile; fileRef = D092B32612CD5F90000D7E87 /* Default-Portrait.png */; };
		D092B32B12CD620B000D7E87 /* iTunesArtwork.png in Resources */ = {isa = PBXBuildFile; fileRef = D092B32A12CD620B000D7E87 /* iTunesArtwork.png */; };
		D09F1D2C152CE92D003E8968 /* UIView+WhenTappedBlocks.m in Sources */ = {isa = PBXBuildFile; fileRef = D09F1D2B152CE92D003E8968 /* UIView+WhenTappedBlocks.m */; };
		D0C0B84F12823CE40020C111 /* knowButton_225.png in Resources */ = {isa = PBXBuildFile; fileRef = D0C0B84B12823CE40020C111 /* knowButton_225.png */; };
		D0C0B85012823CE40020C111 /* dontknowButton_225.png in Resources */ = {isa = PBXBuildFile; fileRef = D0C0B84C12823CE40020C111 /* dontknowButton_225.png */; };
		D0C85E7714F593FE00C2A499 /* Reachability.m in Sources */ = {isa = PBXBuildFile; fileRef = D0C85E7614F593FE00C2A499 /* Reachability.m */; };
		D0C85E8514F5952400C2A499 /* ConciseKit.m in Sources */ = {isa = PBXBuildFile; fileRef = D0C85E7D14F5952400C2A499 /* ConciseKit.m */; };
		D0C85E8614F5952400C2A499 /* NSArray+ConciseKit.m in Sources */ = {isa = PBXBuildFile; fileRef = D0C85E7F14F5952400C2A499 /* NSArray+ConciseKit.m */; };
		D0C85E8714F5952400C2A499 /* NSDictionary+ConciseKit.m in Sources */ = {isa = PBXBuildFile; fileRef = D0C85E8114F5952400C2A499 /* NSDictionary+ConciseKit.m */; };
		D0C85E8814F5952400C2A499 /* NSString+ConciseKit.m in Sources */ = {isa = PBXBuildFile; fileRef = D0C85E8314F5952400C2A499 /* NSString+ConciseKit.m */; };
		D0C85E8914F5952400C2A499 /* README.markdown in Resources */ = {isa = PBXBuildFile; fileRef = D0C85E8414F5952400C2A499 /* README.markdown */; };
		D0C85E8B14F595A300C2A499 /* SystemConfiguration.framework in Frameworks */ = {isa = PBXBuildFile; fileRef = D0C85E8A14F595A300C2A499 /* SystemConfiguration.framework */; };
		D0C85E9014F5988100C2A499 /* CHDropboxSync.m in Sources */ = {isa = PBXBuildFile; fileRef = D0C85E8D14F5988100C2A499 /* CHDropboxSync.m */; };
		D0C85E9114F5988100C2A499 /* SyncTask.m in Sources */ = {isa = PBXBuildFile; fileRef = D0C85E8F14F5988100C2A499 /* SyncTask.m */; };
		D0C98FEB14F44AFD00412777 /* sync.png in Resources */ = {isa = PBXBuildFile; fileRef = D0C98FEA14F44AFD00412777 /* sync.png */; };
		D0C9B16715179ACA004AC04B /* sync@2x.png in Resources */ = {isa = PBXBuildFile; fileRef = D0C9B16615179ACA004AC04B /* sync@2x.png */; };
		D0C9B16A15179F6F004AC04B /* document-icon-128.png in Resources */ = {isa = PBXBuildFile; fileRef = D0C9B16815179F6F004AC04B /* document-icon-128.png */; };
		D0C9B16B15179F6F004AC04B /* document-icon-640.png in Resources */ = {isa = PBXBuildFile; fileRef = D0C9B16915179F6F004AC04B /* document-icon-640.png */; };
		D0C9B16D1517B349004AC04B /* Default-Portrait@2x.png in Resources */ = {isa = PBXBuildFile; fileRef = D0C9B16C1517B348004AC04B /* Default-Portrait@2x.png */; };
		D0C9B16F1517B35A004AC04B /* Default-Landscape@2x.png in Resources */ = {isa = PBXBuildFile; fileRef = D0C9B16E1517B35A004AC04B /* Default-Landscape@2x.png */; };
		D0CA3EC312CD0F6800F7BB72 /* document-icon-64.png in Resources */ = {isa = PBXBuildFile; fileRef = D0CA3EC112CD0F6800F7BB72 /* document-icon-64.png */; };
		D0CA3EC412CD0F6800F7BB72 /* document-icon-320.png in Resources */ = {isa = PBXBuildFile; fileRef = D0CA3EC212CD0F6800F7BB72 /* document-icon-320.png */; };
		D0CB156414EEF3D200FE7CC6 /* Security.framework in Frameworks */ = {isa = PBXBuildFile; fileRef = D0CB156314EEF3D200FE7CC6 /* Security.framework */; };
		D0CB156614EEF40800FE7CC6 /* DropboxSDK.framework in Frameworks */ = {isa = PBXBuildFile; fileRef = D0CB156514EEF40800FE7CC6 /* DropboxSDK.framework */; };
		D0CC0BEE151D27A00084ACB0 /* WQDocument.m in Sources */ = {isa = PBXBuildFile; fileRef = D0CC0BED151D27A00084ACB0 /* WQDocument.m */; };
		D0CC0BF1151E38DA0084ACB0 /* WQUtils.m in Sources */ = {isa = PBXBuildFile; fileRef = D0CC0BF0151E38D90084ACB0 /* WQUtils.m */; };
		D0CC677815252F2B000D067C /* WQScoreButton.m in Sources */ = {isa = PBXBuildFile; fileRef = D0CC677715252F2B000D067C /* WQScoreButton.m */; };
		D0CED4BB15362F43005ADD4C /* InfoPlist.strings in Resources */ = {isa = PBXBuildFile; fileRef = D0CED4B515362F43005ADD4C /* InfoPlist.strings */; };
		D0CED4BC15362F43005ADD4C /* MainStoryboard_iPad.storyboard in Resources */ = {isa = PBXBuildFile; fileRef = D0CED4B715362F43005ADD4C /* MainStoryboard_iPad.storyboard */; };
		D0CED4BD15362F43005ADD4C /* MainStoryboard_iPhone.storyboard in Resources */ = {isa = PBXBuildFile; fileRef = D0CED4B915362F43005ADD4C /* MainStoryboard_iPhone.storyboard */; };
		D0CEE17A152F6EC6000F8C2E /* UIBarButtonItem+WEPopover.m in Sources */ = {isa = PBXBuildFile; fileRef = D0CEE172152F6EC6000F8C2E /* UIBarButtonItem+WEPopover.m */; };
		D0CEE17B152F6EC6000F8C2E /* WEPopoverContainerView.m in Sources */ = {isa = PBXBuildFile; fileRef = D0CEE174152F6EC6000F8C2E /* WEPopoverContainerView.m */; };
		D0CEE17C152F6EC6000F8C2E /* WEPopoverController.m in Sources */ = {isa = PBXBuildFile; fileRef = D0CEE176152F6EC6000F8C2E /* WEPopoverController.m */; };
		D0CEE17D152F6EC6000F8C2E /* WETouchableView.m in Sources */ = {isa = PBXBuildFile; fileRef = D0CEE179152F6EC6000F8C2E /* WETouchableView.m */; };
		D0CEE184152F7F5E000F8C2E /* popoverBg.png in Resources */ = {isa = PBXBuildFile; fileRef = D0CEE182152F7F5E000F8C2E /* popoverBg.png */; };
		D0CEE185152F7F5E000F8C2E /* popoverBg@2x.png in Resources */ = {isa = PBXBuildFile; fileRef = D0CEE183152F7F5E000F8C2E /* popoverBg@2x.png */; };
		D0CEE18F152F7FF8000F8C2E /* popoverArrowDown.png in Resources */ = {isa = PBXBuildFile; fileRef = D0CEE187152F7FF8000F8C2E /* popoverArrowDown.png */; };
		D0CEE190152F7FF8000F8C2E /* popoverArrowDown@2x.png in Resources */ = {isa = PBXBuildFile; fileRef = D0CEE188152F7FF8000F8C2E /* popoverArrowDown@2x.png */; };
		D0CEE191152F7FF8000F8C2E /* popoverArrowLeft.png in Resources */ = {isa = PBXBuildFile; fileRef = D0CEE189152F7FF8000F8C2E /* popoverArrowLeft.png */; };
		D0CEE192152F7FF8000F8C2E /* popoverArrowLeft@2x.png in Resources */ = {isa = PBXBuildFile; fileRef = D0CEE18A152F7FF8000F8C2E /* popoverArrowLeft@2x.png */; };
		D0CEE193152F7FF8000F8C2E /* popoverArrowRight.png in Resources */ = {isa = PBXBuildFile; fileRef = D0CEE18B152F7FF8000F8C2E /* popoverArrowRight.png */; };
		D0CEE194152F7FF8000F8C2E /* popoverArrowRight@2x.png in Resources */ = {isa = PBXBuildFile; fileRef = D0CEE18C152F7FF8000F8C2E /* popoverArrowRight@2x.png */; };
		D0CEE195152F7FF8000F8C2E /* popoverArrowUp.png in Resources */ = {isa = PBXBuildFile; fileRef = D0CEE18D152F7FF8000F8C2E /* popoverArrowUp.png */; };
		D0CEE196152F7FF8000F8C2E /* popoverArrowUp@2x.png in Resources */ = {isa = PBXBuildFile; fileRef = D0CEE18E152F7FF8000F8C2E /* popoverArrowUp@2x.png */; };
		D0CEE19B152F9803000F8C2E /* dontknowButton.png in Resources */ = {isa = PBXBuildFile; fileRef = D0CEE197152F9803000F8C2E /* dontknowButton.png */; };
		D0CEE19C152F9803000F8C2E /* dontknowButton@2x.png in Resources */ = {isa = PBXBuildFile; fileRef = D0CEE198152F9803000F8C2E /* dontknowButton@2x.png */; };
		D0CEE19D152F9803000F8C2E /* knowButton.png in Resources */ = {isa = PBXBuildFile; fileRef = D0CEE199152F9803000F8C2E /* knowButton.png */; };
		D0CEE19E152F9803000F8C2E /* knowButton@2x.png in Resources */ = {isa = PBXBuildFile; fileRef = D0CEE19A152F9803000F8C2E /* knowButton@2x.png */; };
		D0D0EC4C14DB712700BE3A81 /* UIKit.framework in Frameworks */ = {isa = PBXBuildFile; fileRef = 1DF5F4DF0D08C38300B7A737 /* UIKit.framework */; };
		D0D0EC4D14DB712F00BE3A81 /* Foundation.framework in Frameworks */ = {isa = PBXBuildFile; fileRef = 1D30AB110D05D00D00671497 /* Foundation.framework */; };
		D0D0EC4E14DB713A00BE3A81 /* CoreGraphics.framework in Frameworks */ = {isa = PBXBuildFile; fileRef = 2892E40F0DC94CBA00A64D0F /* CoreGraphics.framework */; };
		D0D0EC5014DB719100BE3A81 /* libxml2.dylib in Frameworks */ = {isa = PBXBuildFile; fileRef = D0D0EC4F14DB719100BE3A81 /* libxml2.dylib */; };
		D0D2B89414DD963B0049C33E /* AboutViewController.m in Sources */ = {isa = PBXBuildFile; fileRef = D0D2B89314DD963B0049C33E /* AboutViewController.m */; };
		D0E5F6E913F4A661001FC51E /* DDXMLElementAdditions.m in Sources */ = {isa = PBXBuildFile; fileRef = D0E5F6DC13F4A661001FC51E /* DDXMLElementAdditions.m */; };
		D0E5F6EA13F4A661001FC51E /* NSString+DDXML.m in Sources */ = {isa = PBXBuildFile; fileRef = D0E5F6DF13F4A661001FC51E /* NSString+DDXML.m */; };
		D0E5F6EB13F4A661001FC51E /* DDXMLDocument.m in Sources */ = {isa = PBXBuildFile; fileRef = D0E5F6E213F4A661001FC51E /* DDXMLDocument.m */; };
		D0E5F6EC13F4A661001FC51E /* DDXMLElement.m in Sources */ = {isa = PBXBuildFile; fileRef = D0E5F6E413F4A661001FC51E /* DDXMLElement.m */; };
		D0E5F6ED13F4A661001FC51E /* DDXMLNode.m in Sources */ = {isa = PBXBuildFile; fileRef = D0E5F6E613F4A661001FC51E /* DDXMLNode.m */; };
		D0E9D3E1152BC52100AB88E8 /* MKNumberBadgeView.m in Sources */ = {isa = PBXBuildFile; fileRef = D0E9D3E0152BC52100AB88E8 /* MKNumberBadgeView.m */; };
/* End PBXBuildFile section */

/* Begin PBXFileReference section */
		1D30AB110D05D00D00671497 /* Foundation.framework */ = {isa = PBXFileReference; lastKnownFileType = wrapper.framework; name = Foundation.framework; path = System/Library/Frameworks/Foundation.framework; sourceTree = SDKROOT; };
		1D3623240D0F684500981E51 /* WordQuizAppDelegate.h */ = {isa = PBXFileReference; fileEncoding = 4; lastKnownFileType = sourcecode.c.h; path = WordQuizAppDelegate.h; sourceTree = "<group>"; };
		1D3623250D0F684500981E51 /* WordQuizAppDelegate.m */ = {isa = PBXFileReference; fileEncoding = 4; lastKnownFileType = sourcecode.c.objc; path = WordQuizAppDelegate.m; sourceTree = "<group>"; };
		1D6058910D05DD3D006BFB54 /* WordQuiz.app */ = {isa = PBXFileReference; explicitFileType = wrapper.application; includeInIndex = 0; path = WordQuiz.app; sourceTree = BUILT_PRODUCTS_DIR; };
		1DF5F4DF0D08C38300B7A737 /* UIKit.framework */ = {isa = PBXFileReference; lastKnownFileType = wrapper.framework; name = UIKit.framework; path = System/Library/Frameworks/UIKit.framework; sourceTree = SDKROOT; };
		28042007108E984D000629CD /* RootViewController.h */ = {isa = PBXFileReference; fileEncoding = 4; lastKnownFileType = sourcecode.c.h; path = RootViewController.h; sourceTree = "<group>"; };
		28042008108E984D000629CD /* RootViewController.m */ = {isa = PBXFileReference; fileEncoding = 4; lastKnownFileType = sourcecode.c.objc; path = RootViewController.m; sourceTree = "<group>"; };
		28042009108E984D000629CD /* DetailViewController.h */ = {isa = PBXFileReference; fileEncoding = 4; lastKnownFileType = sourcecode.c.h; path = DetailViewController.h; sourceTree = "<group>"; };
		2804200A108E984D000629CD /* DetailViewController.m */ = {isa = PBXFileReference; fileEncoding = 4; lastKnownFileType = sourcecode.c.objc; path = DetailViewController.m; sourceTree = "<group>"; };
		2892E40F0DC94CBA00A64D0F /* CoreGraphics.framework */ = {isa = PBXFileReference; lastKnownFileType = wrapper.framework; name = CoreGraphics.framework; path = System/Library/Frameworks/CoreGraphics.framework; sourceTree = SDKROOT; };
		28A0AAE50D9B0CCF005BE974 /* iWordQuiz_Prefix.pch */ = {isa = PBXFileReference; fileEncoding = 4; lastKnownFileType = sourcecode.c.h; path = iWordQuiz_Prefix.pch; sourceTree = "<group>"; };
		29B97316FDCFA39411CA2CEA /* main.m */ = {isa = PBXFileReference; fileEncoding = 4; lastKnownFileType = sourcecode.c.objc; path = main.m; sourceTree = "<group>"; };
		8D1107310486CEB800E47090 /* iWordQuiz-Info.plist */ = {isa = PBXFileReference; fileEncoding = 4; lastKnownFileType = text.plist.xml; path = "iWordQuiz-Info.plist"; plistStructureDefinitionIdentifier = "com.apple.xcode.plist.structure-definition.iphone.info-plist"; sourceTree = "<group>"; };
		D00B2AE3126E76F000F2EEFC /* background.png */ = {isa = PBXFileReference; lastKnownFileType = image.png; name = background.png; path = Resources/background.png; sourceTree = "<group>"; };
		D0130A3C125AB58C0085482E /* ModePickerController.h */ = {isa = PBXFileReference; fileEncoding = 4; lastKnownFileType = sourcecode.c.h; path = ModePickerController.h; sourceTree = "<group>"; };
		D0130A3D125AB58C0085482E /* ModePickerController.m */ = {isa = PBXFileReference; fileEncoding = 4; lastKnownFileType = sourcecode.c.objc; path = ModePickerController.m; sourceTree = "<group>"; };
		D01DC8FD121F4252006671A1 /* Icon-72.png */ = {isa = PBXFileReference; lastKnownFileType = image.png; path = "Icon-72.png"; sourceTree = SOURCE_ROOT; };
		D01DC963121F57B0006671A1 /* FCView.xib */ = {isa = PBXFileReference; lastKnownFileType = file.xib; name = FCView.xib; path = Resources/FCView.xib; sourceTree = SOURCE_ROOT; };
		D01DC964121F57B0006671A1 /* MCView.xib */ = {isa = PBXFileReference; lastKnownFileType = file.xib; name = MCView.xib; path = Resources/MCView.xib; sourceTree = "<group>"; };
		D01DC965121F57B0006671A1 /* QAView.xib */ = {isa = PBXFileReference; lastKnownFileType = file.xib; name = QAView.xib; path = Resources/QAView.xib; sourceTree = "<group>"; };
		D01DC96A121F57F2006671A1 /* FCViewController.h */ = {isa = PBXFileReference; fileEncoding = 4; lastKnownFileType = sourcecode.c.h; path = FCViewController.h; sourceTree = "<group>"; };
		D01DC96B121F57F2006671A1 /* FCViewController.m */ = {isa = PBXFileReference; fileEncoding = 4; lastKnownFileType = sourcecode.c.objc; path = FCViewController.m; sourceTree = "<group>"; };
		D01DC96C121F57F2006671A1 /* MCViewController.h */ = {isa = PBXFileReference; fileEncoding = 4; lastKnownFileType = sourcecode.c.h; path = MCViewController.h; sourceTree = "<group>"; };
		D01DC96D121F57F2006671A1 /* MCViewController.m */ = {isa = PBXFileReference; fileEncoding = 4; lastKnownFileType = sourcecode.c.objc; path = MCViewController.m; sourceTree = "<group>"; };
		D01DC96E121F57F2006671A1 /* QAViewController.h */ = {isa = PBXFileReference; fileEncoding = 4; lastKnownFileType = sourcecode.c.h; path = QAViewController.h; sourceTree = "<group>"; };
		D01DC96F121F57F2006671A1 /* QAViewController.m */ = {isa = PBXFileReference; fileEncoding = 4; lastKnownFileType = sourcecode.c.objc; path = QAViewController.m; sourceTree = "<group>"; };
		D01DC978121F5981006671A1 /* HomeViewController.h */ = {isa = PBXFileReference; fileEncoding = 4; lastKnownFileType = sourcecode.c.h; path = HomeViewController.h; sourceTree = "<group>"; };
		D01DC979121F5981006671A1 /* HomeViewController.m */ = {isa = PBXFileReference; fileEncoding = 4; lastKnownFileType = sourcecode.c.objc; path = HomeViewController.m; sourceTree = "<group>"; };
		D043038515155575002374F3 /* Icon-144.png */ = {isa = PBXFileReference; lastKnownFileType = image.png; path = "Icon-144.png"; sourceTree = "<group>"; };
		D043038715165A6E002374F3 /* background@2x.png */ = {isa = PBXFileReference; lastKnownFileType = image.png; name = "background@2x.png"; path = "Resources/background@2x.png"; sourceTree = "<group>"; };
		D043039115165F03002374F3 /* knowButton_225@2x.png */ = {isa = PBXFileReference; lastKnownFileType = image.png; name = "knowButton_225@2x.png"; path = "Resources/knowButton_225@2x.png"; sourceTree = "<group>"; };
		D043039315165FC2002374F3 /* dontknowButton_225@2x.png */ = {isa = PBXFileReference; lastKnownFileType = image.png; name = "dontknowButton_225@2x.png"; path = "Resources/dontknowButton_225@2x.png"; sourceTree = "<group>"; };
		D0430397151683FD002374F3 /* icon_about.png */ = {isa = PBXFileReference; lastKnownFileType = image.png; name = icon_about.png; path = Resources/icon_about.png; sourceTree = "<group>"; };
		D0430398151683FD002374F3 /* icon_about@2x.png */ = {isa = PBXFileReference; lastKnownFileType = image.png; name = "icon_about@2x.png"; path = "Resources/icon_about@2x.png"; sourceTree = "<group>"; };
		D043039F1516883E002374F3 /* homeTab@2x.png */ = {isa = PBXFileReference; lastKnownFileType = image.png; name = "homeTab@2x.png"; path = "Resources/homeTab@2x.png"; sourceTree = "<group>"; };
		D04303A11516893B002374F3 /* flashTab@2x.png */ = {isa = PBXFileReference; lastKnownFileType = image.png; name = "flashTab@2x.png"; path = "Resources/flashTab@2x.png"; sourceTree = "<group>"; };
		D04303A21516893B002374F3 /* multipleTab@2x.png */ = {isa = PBXFileReference; lastKnownFileType = image.png; name = "multipleTab@2x.png"; path = "Resources/multipleTab@2x.png"; sourceTree = "<group>"; };
		D04303A31516893B002374F3 /* qaTab@2x.png */ = {isa = PBXFileReference; lastKnownFileType = image.png; name = "qaTab@2x.png"; path = "Resources/qaTab@2x.png"; sourceTree = "<group>"; };
		D04BD0B113C90DDC006A7387 /* Example.kvtml */ = {isa = PBXFileReference; fileEncoding = 4; lastKnownFileType = text.xml; name = Example.kvtml; path = Resources/Examples/Example.kvtml; sourceTree = "<group>"; };
		D04BD0B213C90DDC006A7387 /* French Verbs.kvtml */ = {isa = PBXFileReference; fileEncoding = 4; lastKnownFileType = text.xml; name = "French Verbs.kvtml"; path = "Resources/Examples/French Verbs.kvtml"; sourceTree = "<group>"; };
		D04BD0B313C90DDC006A7387 /* US States and Capitals.kvtml */ = {isa = PBXFileReference; fileEncoding = 4; lastKnownFileType = text.xml; name = "US States and Capitals.kvtml"; path = "Resources/Examples/US States and Capitals.kvtml"; sourceTree = "<group>"; };
		D04CF94F122F371300B446E8 /* iWQQuiz.h */ = {isa = PBXFileReference; fileEncoding = 4; lastKnownFileType = sourcecode.c.h; path = iWQQuiz.h; sourceTree = "<group>"; };
		D04CF950122F371300B446E8 /* iWQQuiz.m */ = {isa = PBXFileReference; fileEncoding = 4; lastKnownFileType = sourcecode.c.objc; path = iWQQuiz.m; sourceTree = "<group>"; };
		D0549F53151BC37900BDE78C /* MDSpreadView.h */ = {isa = PBXFileReference; fileEncoding = 4; lastKnownFileType = sourcecode.c.h; path = MDSpreadView.h; sourceTree = "<group>"; };
		D0549F54151BC37900BDE78C /* MDSpreadView.m */ = {isa = PBXFileReference; fileEncoding = 4; lastKnownFileType = sourcecode.c.objc; path = MDSpreadView.m; sourceTree = "<group>"; };
		D0549F55151BC37900BDE78C /* MDSpreadViewAxisDescriptor.h */ = {isa = PBXFileReference; fileEncoding = 4; lastKnownFileType = sourcecode.c.h; path = MDSpreadViewAxisDescriptor.h; sourceTree = "<group>"; };
		D0549F56151BC37900BDE78C /* MDSpreadViewAxisDescriptor.m */ = {isa = PBXFileReference; fileEncoding = 4; lastKnownFileType = sourcecode.c.objc; path = MDSpreadViewAxisDescriptor.m; sourceTree = "<group>"; };
		D0549F57151BC37900BDE78C /* MDSpreadViewCell.h */ = {isa = PBXFileReference; fileEncoding = 4; lastKnownFileType = sourcecode.c.h; path = MDSpreadViewCell.h; sourceTree = "<group>"; };
		D0549F58151BC37900BDE78C /* MDSpreadViewCell.m */ = {isa = PBXFileReference; fileEncoding = 4; lastKnownFileType = sourcecode.c.objc; path = MDSpreadViewCell.m; sourceTree = "<group>"; };
		D0549F59151BC37900BDE78C /* MDSpreadViewCellBackground.h */ = {isa = PBXFileReference; fileEncoding = 4; lastKnownFileType = sourcecode.c.h; path = MDSpreadViewCellBackground.h; sourceTree = "<group>"; };
		D0549F5A151BC37900BDE78C /* MDSpreadViewCellBackground.m */ = {isa = PBXFileReference; fileEncoding = 4; lastKnownFileType = sourcecode.c.objc; path = MDSpreadViewCellBackground.m; sourceTree = "<group>"; };
		D0549F5B151BC37900BDE78C /* MDSpreadViewCellColumnHeaderBackground.h */ = {isa = PBXFileReference; fileEncoding = 4; lastKnownFileType = sourcecode.c.h; path = MDSpreadViewCellColumnHeaderBackground.h; sourceTree = "<group>"; };
		D0549F5C151BC37900BDE78C /* MDSpreadViewCellColumnHeaderBackground.m */ = {isa = PBXFileReference; fileEncoding = 4; lastKnownFileType = sourcecode.c.objc; path = MDSpreadViewCellColumnHeaderBackground.m; sourceTree = "<group>"; };
		D0549F5D151BC37900BDE78C /* MDSpreadViewCellCornerHeaderBackground.h */ = {isa = PBXFileReference; fileEncoding = 4; lastKnownFileType = sourcecode.c.h; path = MDSpreadViewCellCornerHeaderBackground.h; sourceTree = "<group>"; };
		D0549F5E151BC37900BDE78C /* MDSpreadViewCellCornerHeaderBackground.m */ = {isa = PBXFileReference; fileEncoding = 4; lastKnownFileType = sourcecode.c.objc; path = MDSpreadViewCellCornerHeaderBackground.m; sourceTree = "<group>"; };
		D0549F5F151BC37900BDE78C /* MDSpreadViewCellDescriptor.h */ = {isa = PBXFileReference; fileEncoding = 4; lastKnownFileType = sourcecode.c.h; path = MDSpreadViewCellDescriptor.h; sourceTree = "<group>"; };
		D0549F60151BC37900BDE78C /* MDSpreadViewCellDescriptor.m */ = {isa = PBXFileReference; fileEncoding = 4; lastKnownFileType = sourcecode.c.objc; path = MDSpreadViewCellDescriptor.m; sourceTree = "<group>"; };
		D0549F61151BC37900BDE78C /* MDSpreadViewCellRowHeaderBackground.h */ = {isa = PBXFileReference; fileEncoding = 4; lastKnownFileType = sourcecode.c.h; path = MDSpreadViewCellRowHeaderBackground.h; sourceTree = "<group>"; };
		D0549F62151BC37900BDE78C /* MDSpreadViewCellRowHeaderBackground.m */ = {isa = PBXFileReference; fileEncoding = 4; lastKnownFileType = sourcecode.c.objc; path = MDSpreadViewCellRowHeaderBackground.m; sourceTree = "<group>"; };
		D0549F63151BC37900BDE78C /* MDSpreadViewClasses.h */ = {isa = PBXFileReference; fileEncoding = 4; lastKnownFileType = sourcecode.c.h; path = MDSpreadViewClasses.h; sourceTree = "<group>"; };
		D0549F64151BC37900BDE78C /* MDSpreadViewDescriptor.h */ = {isa = PBXFileReference; fileEncoding = 4; lastKnownFileType = sourcecode.c.h; path = MDSpreadViewDescriptor.h; sourceTree = "<group>"; };
		D0549F65151BC37900BDE78C /* MDSpreadViewDescriptor.m */ = {isa = PBXFileReference; fileEncoding = 4; lastKnownFileType = sourcecode.c.objc; path = MDSpreadViewDescriptor.m; sourceTree = "<group>"; };
		D0549F66151BC37900BDE78C /* MDSpreadViewHeaderCell.h */ = {isa = PBXFileReference; fileEncoding = 4; lastKnownFileType = sourcecode.c.h; path = MDSpreadViewHeaderCell.h; sourceTree = "<group>"; };
		D0549F67151BC37900BDE78C /* MDSpreadViewHeaderCell.m */ = {isa = PBXFileReference; fileEncoding = 4; lastKnownFileType = sourcecode.c.objc; path = MDSpreadViewHeaderCell.m; sourceTree = "<group>"; };
		D0549F68151BC37900BDE78C /* MDSpreadViewSectionDescriptor.h */ = {isa = PBXFileReference; fileEncoding = 4; lastKnownFileType = sourcecode.c.h; path = MDSpreadViewSectionDescriptor.h; sourceTree = "<group>"; };
		D0549F69151BC37900BDE78C /* MDSpreadViewSectionDescriptor.m */ = {isa = PBXFileReference; fileEncoding = 4; lastKnownFileType = sourcecode.c.objc; path = MDSpreadViewSectionDescriptor.m; sourceTree = "<group>"; };
		D0549F6A151BC37900BDE78C /* NSIndexPath+MDSpreadView.h */ = {isa = PBXFileReference; fileEncoding = 4; lastKnownFileType = sourcecode.c.h; path = "NSIndexPath+MDSpreadView.h"; sourceTree = "<group>"; };
		D0549F6B151BC37900BDE78C /* NSIndexPath+MDSpreadView.m */ = {isa = PBXFileReference; fileEncoding = 4; lastKnownFileType = sourcecode.c.objc; path = "NSIndexPath+MDSpreadView.m"; sourceTree = "<group>"; };
		D0549F6D151BC37900BDE78C /* MDSpreadViewCell.png */ = {isa = PBXFileReference; lastKnownFileType = image.png; path = MDSpreadViewCell.png; sourceTree = "<group>"; };
		D0549F6E151BC37900BDE78C /* MDSpreadViewCell@2x.png */ = {isa = PBXFileReference; lastKnownFileType = image.png; path = "MDSpreadViewCell@2x.png"; sourceTree = "<group>"; };
		D0549F6F151BC37900BDE78C /* MDSpreadViewCellSelected.png */ = {isa = PBXFileReference; lastKnownFileType = image.png; path = MDSpreadViewCellSelected.png; sourceTree = "<group>"; };
		D0549F70151BC37900BDE78C /* MDSpreadViewCellSelected@2x.png */ = {isa = PBXFileReference; lastKnownFileType = image.png; path = "MDSpreadViewCellSelected@2x.png"; sourceTree = "<group>"; };
		D0549F71151BC37900BDE78C /* MDSpreadViewColumnHeaderLeft.png */ = {isa = PBXFileReference; lastKnownFileType = image.png; path = MDSpreadViewColumnHeaderLeft.png; sourceTree = "<group>"; };
		D0549F72151BC37900BDE78C /* MDSpreadViewColumnHeaderLeft@2x.png */ = {isa = PBXFileReference; lastKnownFileType = image.png; path = "MDSpreadViewColumnHeaderLeft@2x.png"; sourceTree = "<group>"; };
		D0549F73151BC37900BDE78C /* MDSpreadViewColumnHeaderLeftSelected.png */ = {isa = PBXFileReference; lastKnownFileType = image.png; path = MDSpreadViewColumnHeaderLeftSelected.png; sourceTree = "<group>"; };
		D0549F74151BC37900BDE78C /* MDSpreadViewColumnHeaderLeftSelected@2x.png */ = {isa = PBXFileReference; lastKnownFileType = image.png; path = "MDSpreadViewColumnHeaderLeftSelected@2x.png"; sourceTree = "<group>"; };
		D0549F75151BC37900BDE78C /* MDSpreadViewColumnHeaderRight.png */ = {isa = PBXFileReference; lastKnownFileType = image.png; path = MDSpreadViewColumnHeaderRight.png; sourceTree = "<group>"; };
		D0549F76151BC37900BDE78C /* MDSpreadViewColumnHeaderRight@2x.png */ = {isa = PBXFileReference; lastKnownFileType = image.png; path = "MDSpreadViewColumnHeaderRight@2x.png"; sourceTree = "<group>"; };
		D0549F77151BC37900BDE78C /* MDSpreadViewColumnHeaderRightSelected.png */ = {isa = PBXFileReference; lastKnownFileType = image.png; path = MDSpreadViewColumnHeaderRightSelected.png; sourceTree = "<group>"; };
		D0549F78151BC37900BDE78C /* MDSpreadViewColumnHeaderRightSelected@2x.png */ = {isa = PBXFileReference; lastKnownFileType = image.png; path = "MDSpreadViewColumnHeaderRightSelected@2x.png"; sourceTree = "<group>"; };
		D0549F79151BC37900BDE78C /* MDSpreadViewCornerBottomLeft.png */ = {isa = PBXFileReference; lastKnownFileType = image.png; path = MDSpreadViewCornerBottomLeft.png; sourceTree = "<group>"; };
		D0549F7A151BC37900BDE78C /* MDSpreadViewCornerBottomLeft@2x.png */ = {isa = PBXFileReference; lastKnownFileType = image.png; path = "MDSpreadViewCornerBottomLeft@2x.png"; sourceTree = "<group>"; };
		D0549F7B151BC37900BDE78C /* MDSpreadViewCornerBottomLeftSelected.png */ = {isa = PBXFileReference; lastKnownFileType = image.png; path = MDSpreadViewCornerBottomLeftSelected.png; sourceTree = "<group>"; };
		D0549F7C151BC37900BDE78C /* MDSpreadViewCornerBottomLeftSelected@2x.png */ = {isa = PBXFileReference; lastKnownFileType = image.png; path = "MDSpreadViewCornerBottomLeftSelected@2x.png"; sourceTree = "<group>"; };
		D0549F7D151BC37900BDE78C /* MDSpreadViewCornerBottomRight.png */ = {isa = PBXFileReference; lastKnownFileType = image.png; path = MDSpreadViewCornerBottomRight.png; sourceTree = "<group>"; };
		D0549F7E151BC37900BDE78C /* MDSpreadViewCornerBottomRight@2x.png */ = {isa = PBXFileReference; lastKnownFileType = image.png; path = "MDSpreadViewCornerBottomRight@2x.png"; sourceTree = "<group>"; };
		D0549F7F151BC37900BDE78C /* MDSpreadViewCornerBottomRightSelected.png */ = {isa = PBXFileReference; lastKnownFileType = image.png; path = MDSpreadViewCornerBottomRightSelected.png; sourceTree = "<group>"; };
		D0549F80151BC37900BDE78C /* MDSpreadViewCornerBottomRightSelected@2x.png */ = {isa = PBXFileReference; lastKnownFileType = image.png; path = "MDSpreadViewCornerBottomRightSelected@2x.png"; sourceTree = "<group>"; };
		D0549F81151BC37900BDE78C /* MDSpreadViewCornerTopLeft.png */ = {isa = PBXFileReference; lastKnownFileType = image.png; path = MDSpreadViewCornerTopLeft.png; sourceTree = "<group>"; };
		D0549F82151BC37900BDE78C /* MDSpreadViewCornerTopLeft@2x.png */ = {isa = PBXFileReference; lastKnownFileType = image.png; path = "MDSpreadViewCornerTopLeft@2x.png"; sourceTree = "<group>"; };
		D0549F83151BC37900BDE78C /* MDSpreadViewCornerTopLeftSelected.png */ = {isa = PBXFileReference; lastKnownFileType = image.png; path = MDSpreadViewCornerTopLeftSelected.png; sourceTree = "<group>"; };
		D0549F84151BC37900BDE78C /* MDSpreadViewCornerTopLeftSelected@2x.png */ = {isa = PBXFileReference; lastKnownFileType = image.png; path = "MDSpreadViewCornerTopLeftSelected@2x.png"; sourceTree = "<group>"; };
		D0549F85151BC37900BDE78C /* MDSpreadViewCornerTopRight.png */ = {isa = PBXFileReference; lastKnownFileType = image.png; path = MDSpreadViewCornerTopRight.png; sourceTree = "<group>"; };
		D0549F86151BC37900BDE78C /* MDSpreadViewCornerTopRight@2x.png */ = {isa = PBXFileReference; lastKnownFileType = image.png; path = "MDSpreadViewCornerTopRight@2x.png"; sourceTree = "<group>"; };
		D0549F87151BC37900BDE78C /* MDSpreadViewCornerTopRightSelected.png */ = {isa = PBXFileReference; lastKnownFileType = image.png; path = MDSpreadViewCornerTopRightSelected.png; sourceTree = "<group>"; };
		D0549F88151BC37900BDE78C /* MDSpreadViewCornerTopRightSelected@2x.png */ = {isa = PBXFileReference; lastKnownFileType = image.png; path = "MDSpreadViewCornerTopRightSelected@2x.png"; sourceTree = "<group>"; };
		D0549F89151BC37900BDE78C /* MDSpreadViewRowHeaderBottom.png */ = {isa = PBXFileReference; lastKnownFileType = image.png; path = MDSpreadViewRowHeaderBottom.png; sourceTree = "<group>"; };
		D0549F8A151BC37900BDE78C /* MDSpreadViewRowHeaderBottom@2x.png */ = {isa = PBXFileReference; lastKnownFileType = image.png; path = "MDSpreadViewRowHeaderBottom@2x.png"; sourceTree = "<group>"; };
		D0549F8B151BC37900BDE78C /* MDSpreadViewRowHeaderBottomSelected.png */ = {isa = PBXFileReference; lastKnownFileType = image.png; path = MDSpreadViewRowHeaderBottomSelected.png; sourceTree = "<group>"; };
		D0549F8C151BC37900BDE78C /* MDSpreadViewRowHeaderBottomSelected@2x.png */ = {isa = PBXFileReference; lastKnownFileType = image.png; path = "MDSpreadViewRowHeaderBottomSelected@2x.png"; sourceTree = "<group>"; };
		D0549F8D151BC37900BDE78C /* MDSpreadViewRowHeaderTop.png */ = {isa = PBXFileReference; lastKnownFileType = image.png; path = MDSpreadViewRowHeaderTop.png; sourceTree = "<group>"; };
		D0549F8E151BC37900BDE78C /* MDSpreadViewRowHeaderTop@2x.png */ = {isa = PBXFileReference; lastKnownFileType = image.png; path = "MDSpreadViewRowHeaderTop@2x.png"; sourceTree = "<group>"; };
		D0549F8F151BC37900BDE78C /* MDSpreadViewRowHeaderTopSelected.png */ = {isa = PBXFileReference; lastKnownFileType = image.png; path = MDSpreadViewRowHeaderTopSelected.png; sourceTree = "<group>"; };
		D0549F90151BC37900BDE78C /* MDSpreadViewRowHeaderTopSelected@2x.png */ = {isa = PBXFileReference; lastKnownFileType = image.png; path = "MDSpreadViewRowHeaderTopSelected@2x.png"; sourceTree = "<group>"; };
		D0549FC1151BCADB00BDE78C /* QuartzCore.framework */ = {isa = PBXFileReference; lastKnownFileType = wrapper.framework; name = QuartzCore.framework; path = System/Library/Frameworks/QuartzCore.framework; sourceTree = SDKROOT; };
		D067771D12D6563800FCFFD0 /* AboutView.xib */ = {isa = PBXFileReference; lastKnownFileType = file.xib; name = AboutView.xib; path = Resources/AboutView.xib; sourceTree = SOURCE_ROOT; };
		D0713DB314DE15820053121A /* WordQuiz.entitlements */ = {isa = PBXFileReference; lastKnownFileType = text.xml; path = WordQuiz.entitlements; sourceTree = "<group>"; };
		D074FB1512249EBC00E8C175 /* flashTab.png */ = {isa = PBXFileReference; lastKnownFileType = image.png; name = flashTab.png; path = Resources/flashTab.png; sourceTree = "<group>"; };
		D074FB1712249EBC00E8C175 /* homeTab.png */ = {isa = PBXFileReference; lastKnownFileType = image.png; name = homeTab.png; path = Resources/homeTab.png; sourceTree = "<group>"; };
		D074FB1912249EBC00E8C175 /* multipleTab.png */ = {isa = PBXFileReference; lastKnownFileType = image.png; name = multipleTab.png; path = Resources/multipleTab.png; sourceTree = "<group>"; };
		D074FB1A12249EBC00E8C175 /* qaTab.png */ = {isa = PBXFileReference; lastKnownFileType = image.png; name = qaTab.png; path = Resources/qaTab.png; sourceTree = "<group>"; };
		D092B32012CD55FE000D7E87 /* Default-Landscape.png */ = {isa = PBXFileReference; lastKnownFileType = image.png; name = "Default-Landscape.png"; path = "Resources/Default-Landscape.png"; sourceTree = "<group>"; };
		D092B32612CD5F90000D7E87 /* Default-Portrait.png */ = {isa = PBXFileReference; lastKnownFileType = image.png; name = "Default-Portrait.png"; path = "Resources/Default-Portrait.png"; sourceTree = "<group>"; };
		D092B32A12CD620B000D7E87 /* iTunesArtwork.png */ = {isa = PBXFileReference; lastKnownFileType = image.png; path = iTunesArtwork.png; sourceTree = SOURCE_ROOT; };
		D09F1D29152CE92D003E8968 /* JMWhenTapped.h */ = {isa = PBXFileReference; fileEncoding = 4; lastKnownFileType = sourcecode.c.h; path = JMWhenTapped.h; sourceTree = "<group>"; };
		D09F1D2A152CE92D003E8968 /* UIView+WhenTappedBlocks.h */ = {isa = PBXFileReference; fileEncoding = 4; lastKnownFileType = sourcecode.c.h; path = "UIView+WhenTappedBlocks.h"; sourceTree = "<group>"; };
		D09F1D2B152CE92D003E8968 /* UIView+WhenTappedBlocks.m */ = {isa = PBXFileReference; fileEncoding = 4; lastKnownFileType = sourcecode.c.objc; path = "UIView+WhenTappedBlocks.m"; sourceTree = "<group>"; };
		D0C0B84B12823CE40020C111 /* knowButton_225.png */ = {isa = PBXFileReference; lastKnownFileType = image.png; name = knowButton_225.png; path = Resources/knowButton_225.png; sourceTree = "<group>"; };
		D0C0B84C12823CE40020C111 /* dontknowButton_225.png */ = {isa = PBXFileReference; lastKnownFileType = image.png; name = dontknowButton_225.png; path = Resources/dontknowButton_225.png; sourceTree = "<group>"; };
		D0C791D814F6F1AE000AFF00 /* DBDefines.h */ = {isa = PBXFileReference; fileEncoding = 4; lastKnownFileType = sourcecode.c.h; path = DBDefines.h; sourceTree = "<group>"; };
		D0C85E7514F593FE00C2A499 /* Reachability.h */ = {isa = PBXFileReference; fileEncoding = 4; lastKnownFileType = sourcecode.c.h; path = Reachability.h; sourceTree = "<group>"; };
		D0C85E7614F593FE00C2A499 /* Reachability.m */ = {isa = PBXFileReference; fileEncoding = 4; lastKnownFileType = sourcecode.c.objc; path = Reachability.m; sourceTree = "<group>"; };
		D0C85E7914F5952400C2A499 /* CKAdditions.h */ = {isa = PBXFileReference; fileEncoding = 4; lastKnownFileType = sourcecode.c.h; path = CKAdditions.h; sourceTree = "<group>"; };
		D0C85E7A14F5952400C2A499 /* CKMacros.h */ = {isa = PBXFileReference; fileEncoding = 4; lastKnownFileType = sourcecode.c.h; path = CKMacros.h; sourceTree = "<group>"; };
		D0C85E7B14F5952400C2A499 /* CKSingleton.h */ = {isa = PBXFileReference; fileEncoding = 4; lastKnownFileType = sourcecode.c.h; path = CKSingleton.h; sourceTree = "<group>"; };
		D0C85E7C14F5952400C2A499 /* ConciseKit.h */ = {isa = PBXFileReference; fileEncoding = 4; lastKnownFileType = sourcecode.c.h; path = ConciseKit.h; sourceTree = "<group>"; };
		D0C85E7D14F5952400C2A499 /* ConciseKit.m */ = {isa = PBXFileReference; fileEncoding = 4; lastKnownFileType = sourcecode.c.objc; path = ConciseKit.m; sourceTree = "<group>"; };
		D0C85E7E14F5952400C2A499 /* NSArray+ConciseKit.h */ = {isa = PBXFileReference; fileEncoding = 4; lastKnownFileType = sourcecode.c.h; path = "NSArray+ConciseKit.h"; sourceTree = "<group>"; };
		D0C85E7F14F5952400C2A499 /* NSArray+ConciseKit.m */ = {isa = PBXFileReference; fileEncoding = 4; lastKnownFileType = sourcecode.c.objc; path = "NSArray+ConciseKit.m"; sourceTree = "<group>"; };
		D0C85E8014F5952400C2A499 /* NSDictionary+ConciseKit.h */ = {isa = PBXFileReference; fileEncoding = 4; lastKnownFileType = sourcecode.c.h; path = "NSDictionary+ConciseKit.h"; sourceTree = "<group>"; };
		D0C85E8114F5952400C2A499 /* NSDictionary+ConciseKit.m */ = {isa = PBXFileReference; fileEncoding = 4; lastKnownFileType = sourcecode.c.objc; path = "NSDictionary+ConciseKit.m"; sourceTree = "<group>"; };
		D0C85E8214F5952400C2A499 /* NSString+ConciseKit.h */ = {isa = PBXFileReference; fileEncoding = 4; lastKnownFileType = sourcecode.c.h; path = "NSString+ConciseKit.h"; sourceTree = "<group>"; };
		D0C85E8314F5952400C2A499 /* NSString+ConciseKit.m */ = {isa = PBXFileReference; fileEncoding = 4; lastKnownFileType = sourcecode.c.objc; path = "NSString+ConciseKit.m"; sourceTree = "<group>"; };
		D0C85E8414F5952400C2A499 /* README.markdown */ = {isa = PBXFileReference; fileEncoding = 4; lastKnownFileType = text; path = README.markdown; sourceTree = "<group>"; };
		D0C85E8A14F595A300C2A499 /* SystemConfiguration.framework */ = {isa = PBXFileReference; lastKnownFileType = wrapper.framework; name = SystemConfiguration.framework; path = System/Library/Frameworks/SystemConfiguration.framework; sourceTree = SDKROOT; };
		D0C85E8C14F5988100C2A499 /* CHDropboxSync.h */ = {isa = PBXFileReference; fileEncoding = 4; lastKnownFileType = sourcecode.c.h; path = CHDropboxSync.h; sourceTree = "<group>"; };
		D0C85E8D14F5988100C2A499 /* CHDropboxSync.m */ = {isa = PBXFileReference; fileEncoding = 4; lastKnownFileType = sourcecode.c.objc; path = CHDropboxSync.m; sourceTree = "<group>"; };
		D0C85E8E14F5988100C2A499 /* SyncTask.h */ = {isa = PBXFileReference; fileEncoding = 4; lastKnownFileType = sourcecode.c.h; path = SyncTask.h; sourceTree = "<group>"; };
		D0C85E8F14F5988100C2A499 /* SyncTask.m */ = {isa = PBXFileReference; fileEncoding = 4; lastKnownFileType = sourcecode.c.objc; path = SyncTask.m; sourceTree = "<group>"; };
		D0C98FEA14F44AFD00412777 /* sync.png */ = {isa = PBXFileReference; lastKnownFileType = image.png; name = sync.png; path = Resources/sync.png; sourceTree = "<group>"; };
		D0C9B16615179ACA004AC04B /* sync@2x.png */ = {isa = PBXFileReference; lastKnownFileType = image.png; name = "sync@2x.png"; path = "Resources/sync@2x.png"; sourceTree = "<group>"; };
		D0C9B16815179F6F004AC04B /* document-icon-128.png */ = {isa = PBXFileReference; lastKnownFileType = image.png; name = "document-icon-128.png"; path = "Resources/document-icon-128.png"; sourceTree = "<group>"; };
		D0C9B16915179F6F004AC04B /* document-icon-640.png */ = {isa = PBXFileReference; lastKnownFileType = image.png; name = "document-icon-640.png"; path = "Resources/document-icon-640.png"; sourceTree = "<group>"; };
		D0C9B16C1517B348004AC04B /* Default-Portrait@2x.png */ = {isa = PBXFileReference; lastKnownFileType = image.png; name = "Default-Portrait@2x.png"; path = "Resources/Default-Portrait@2x.png"; sourceTree = "<group>"; };
		D0C9B16E1517B35A004AC04B /* Default-Landscape@2x.png */ = {isa = PBXFileReference; lastKnownFileType = image.png; name = "Default-Landscape@2x.png"; path = "Resources/Default-Landscape@2x.png"; sourceTree = "<group>"; };
		D0CA3EC112CD0F6800F7BB72 /* document-icon-64.png */ = {isa = PBXFileReference; lastKnownFileType = image.png; name = "document-icon-64.png"; path = "Resources/document-icon-64.png"; sourceTree = "<group>"; };
		D0CA3EC212CD0F6800F7BB72 /* document-icon-320.png */ = {isa = PBXFileReference; lastKnownFileType = image.png; name = "document-icon-320.png"; path = "Resources/document-icon-320.png"; sourceTree = "<group>"; };
		D0CB156314EEF3D200FE7CC6 /* Security.framework */ = {isa = PBXFileReference; lastKnownFileType = wrapper.framework; name = Security.framework; path = System/Library/Frameworks/Security.framework; sourceTree = SDKROOT; };
		D0CB156514EEF40800FE7CC6 /* DropboxSDK.framework */ = {isa = PBXFileReference; lastKnownFileType = wrapper.framework; name = DropboxSDK.framework; path = "../dropbox-ios-sdk-1.1/DropboxSDK.framework"; sourceTree = "<group>"; };
		D0CC0BEC151D27A00084ACB0 /* WQDocument.h */ = {isa = PBXFileReference; fileEncoding = 4; lastKnownFileType = sourcecode.c.h; path = WQDocument.h; sourceTree = "<group>"; };
		D0CC0BED151D27A00084ACB0 /* WQDocument.m */ = {isa = PBXFileReference; fileEncoding = 4; lastKnownFileType = sourcecode.c.objc; path = WQDocument.m; sourceTree = "<group>"; };
		D0CC0BEF151E38D90084ACB0 /* WQUtils.h */ = {isa = PBXFileReference; fileEncoding = 4; lastKnownFileType = sourcecode.c.h; path = WQUtils.h; sourceTree = "<group>"; };
		D0CC0BF0151E38D90084ACB0 /* WQUtils.m */ = {isa = PBXFileReference; fileEncoding = 4; lastKnownFileType = sourcecode.c.objc; path = WQUtils.m; sourceTree = "<group>"; };
		D0CC677615252F2B000D067C /* WQScoreButton.h */ = {isa = PBXFileReference; fileEncoding = 4; lastKnownFileType = sourcecode.c.h; path = WQScoreButton.h; sourceTree = "<group>"; };
		D0CC677715252F2B000D067C /* WQScoreButton.m */ = {isa = PBXFileReference; fileEncoding = 4; lastKnownFileType = sourcecode.c.objc; path = WQScoreButton.m; sourceTree = "<group>"; };
		D0CED4B615362F43005ADD4C /* en */ = {isa = PBXFileReference; lastKnownFileType = text.plist.strings; name = en; path = InfoPlist.strings; sourceTree = "<group>"; };
		D0CED4B815362F43005ADD4C /* en */ = {isa = PBXFileReference; lastKnownFileType = file.storyboard; name = en; path = MainStoryboard_iPad.storyboard; sourceTree = "<group>"; };
		D0CED4BA15362F43005ADD4C /* en */ = {isa = PBXFileReference; lastKnownFileType = file.storyboard; name = en; path = MainStoryboard_iPhone.storyboard; sourceTree = "<group>"; };
		D0CEE171152F6EC6000F8C2E /* UIBarButtonItem+WEPopover.h */ = {isa = PBXFileReference; fileEncoding = 4; lastKnownFileType = sourcecode.c.h; path = "UIBarButtonItem+WEPopover.h"; sourceTree = "<group>"; };
		D0CEE172152F6EC6000F8C2E /* UIBarButtonItem+WEPopover.m */ = {isa = PBXFileReference; fileEncoding = 4; lastKnownFileType = sourcecode.c.objc; path = "UIBarButtonItem+WEPopover.m"; sourceTree = "<group>"; };
		D0CEE173152F6EC6000F8C2E /* WEPopoverContainerView.h */ = {isa = PBXFileReference; fileEncoding = 4; lastKnownFileType = sourcecode.c.h; path = WEPopoverContainerView.h; sourceTree = "<group>"; };
		D0CEE174152F6EC6000F8C2E /* WEPopoverContainerView.m */ = {isa = PBXFileReference; fileEncoding = 4; lastKnownFileType = sourcecode.c.objc; path = WEPopoverContainerView.m; sourceTree = "<group>"; };
		D0CEE175152F6EC6000F8C2E /* WEPopoverController.h */ = {isa = PBXFileReference; fileEncoding = 4; lastKnownFileType = sourcecode.c.h; path = WEPopoverController.h; sourceTree = "<group>"; };
		D0CEE176152F6EC6000F8C2E /* WEPopoverController.m */ = {isa = PBXFileReference; fileEncoding = 4; lastKnownFileType = sourcecode.c.objc; path = WEPopoverController.m; sourceTree = "<group>"; };
		D0CEE177152F6EC6000F8C2E /* WEPopoverParentView.h */ = {isa = PBXFileReference; fileEncoding = 4; lastKnownFileType = sourcecode.c.h; path = WEPopoverParentView.h; sourceTree = "<group>"; };
		D0CEE178152F6EC6000F8C2E /* WETouchableView.h */ = {isa = PBXFileReference; fileEncoding = 4; lastKnownFileType = sourcecode.c.h; path = WETouchableView.h; sourceTree = "<group>"; };
		D0CEE179152F6EC6000F8C2E /* WETouchableView.m */ = {isa = PBXFileReference; fileEncoding = 4; lastKnownFileType = sourcecode.c.objc; path = WETouchableView.m; sourceTree = "<group>"; };
		D0CEE182152F7F5E000F8C2E /* popoverBg.png */ = {isa = PBXFileReference; lastKnownFileType = image.png; name = popoverBg.png; path = Resources/Popover/popoverBg.png; sourceTree = "<group>"; };
		D0CEE183152F7F5E000F8C2E /* popoverBg@2x.png */ = {isa = PBXFileReference; lastKnownFileType = image.png; name = "popoverBg@2x.png"; path = "Resources/Popover/popoverBg@2x.png"; sourceTree = "<group>"; };
		D0CEE187152F7FF8000F8C2E /* popoverArrowDown.png */ = {isa = PBXFileReference; lastKnownFileType = image.png; name = popoverArrowDown.png; path = Resources/Popover/popoverArrowDown.png; sourceTree = "<group>"; };
		D0CEE188152F7FF8000F8C2E /* popoverArrowDown@2x.png */ = {isa = PBXFileReference; lastKnownFileType = image.png; name = "popoverArrowDown@2x.png"; path = "Resources/Popover/popoverArrowDown@2x.png"; sourceTree = "<group>"; };
		D0CEE189152F7FF8000F8C2E /* popoverArrowLeft.png */ = {isa = PBXFileReference; lastKnownFileType = image.png; name = popoverArrowLeft.png; path = Resources/Popover/popoverArrowLeft.png; sourceTree = "<group>"; };
		D0CEE18A152F7FF8000F8C2E /* popoverArrowLeft@2x.png */ = {isa = PBXFileReference; lastKnownFileType = image.png; name = "popoverArrowLeft@2x.png"; path = "Resources/Popover/popoverArrowLeft@2x.png"; sourceTree = "<group>"; };
		D0CEE18B152F7FF8000F8C2E /* popoverArrowRight.png */ = {isa = PBXFileReference; lastKnownFileType = image.png; name = popoverArrowRight.png; path = Resources/Popover/popoverArrowRight.png; sourceTree = "<group>"; };
		D0CEE18C152F7FF8000F8C2E /* popoverArrowRight@2x.png */ = {isa = PBXFileReference; lastKnownFileType = image.png; name = "popoverArrowRight@2x.png"; path = "Resources/Popover/popoverArrowRight@2x.png"; sourceTree = "<group>"; };
		D0CEE18D152F7FF8000F8C2E /* popoverArrowUp.png */ = {isa = PBXFileReference; lastKnownFileType = image.png; name = popoverArrowUp.png; path = Resources/Popover/popoverArrowUp.png; sourceTree = "<group>"; };
		D0CEE18E152F7FF8000F8C2E /* popoverArrowUp@2x.png */ = {isa = PBXFileReference; lastKnownFileType = image.png; name = "popoverArrowUp@2x.png"; path = "Resources/Popover/popoverArrowUp@2x.png"; sourceTree = "<group>"; };
		D0CEE197152F9803000F8C2E /* dontknowButton.png */ = {isa = PBXFileReference; lastKnownFileType = image.png; name = dontknowButton.png; path = Resources/dontknowButton.png; sourceTree = "<group>"; };
		D0CEE198152F9803000F8C2E /* dontknowButton@2x.png */ = {isa = PBXFileReference; lastKnownFileType = image.png; name = "dontknowButton@2x.png"; path = "Resources/dontknowButton@2x.png"; sourceTree = "<group>"; };
		D0CEE199152F9803000F8C2E /* knowButton.png */ = {isa = PBXFileReference; lastKnownFileType = image.png; name = knowButton.png; path = Resources/knowButton.png; sourceTree = "<group>"; };
		D0CEE19A152F9803000F8C2E /* knowButton@2x.png */ = {isa = PBXFileReference; lastKnownFileType = image.png; name = "knowButton@2x.png"; path = "Resources/knowButton@2x.png"; sourceTree = "<group>"; };
		D0D0EC4F14DB719100BE3A81 /* libxml2.dylib */ = {isa = PBXFileReference; lastKnownFileType = "compiled.mach-o.dylib"; name = libxml2.dylib; path = usr/lib/libxml2.dylib; sourceTree = SDKROOT; };
		D0D2B89214DD963B0049C33E /* AboutViewController.h */ = {isa = PBXFileReference; fileEncoding = 4; lastKnownFileType = sourcecode.c.h; path = AboutViewController.h; sourceTree = "<group>"; };
		D0D2B89314DD963B0049C33E /* AboutViewController.m */ = {isa = PBXFileReference; fileEncoding = 4; lastKnownFileType = sourcecode.c.objc; path = AboutViewController.m; sourceTree = "<group>"; };
		D0E5F6DB13F4A661001FC51E /* DDXMLElementAdditions.h */ = {isa = PBXFileReference; fileEncoding = 4; lastKnownFileType = sourcecode.c.h; path = DDXMLElementAdditions.h; sourceTree = "<group>"; };
		D0E5F6DC13F4A661001FC51E /* DDXMLElementAdditions.m */ = {isa = PBXFileReference; fileEncoding = 4; lastKnownFileType = sourcecode.c.objc; path = DDXMLElementAdditions.m; sourceTree = "<group>"; };
		D0E5F6DE13F4A661001FC51E /* NSString+DDXML.h */ = {isa = PBXFileReference; fileEncoding = 4; lastKnownFileType = sourcecode.c.h; path = "NSString+DDXML.h"; sourceTree = "<group>"; };
		D0E5F6DF13F4A661001FC51E /* NSString+DDXML.m */ = {isa = PBXFileReference; fileEncoding = 4; lastKnownFileType = sourcecode.c.objc; path = "NSString+DDXML.m"; sourceTree = "<group>"; };
		D0E5F6E013F4A661001FC51E /* DDXML.h */ = {isa = PBXFileReference; fileEncoding = 4; lastKnownFileType = sourcecode.c.h; path = DDXML.h; sourceTree = "<group>"; };
		D0E5F6E113F4A661001FC51E /* DDXMLDocument.h */ = {isa = PBXFileReference; fileEncoding = 4; lastKnownFileType = sourcecode.c.h; path = DDXMLDocument.h; sourceTree = "<group>"; };
		D0E5F6E213F4A661001FC51E /* DDXMLDocument.m */ = {isa = PBXFileReference; fileEncoding = 4; lastKnownFileType = sourcecode.c.objc; path = DDXMLDocument.m; sourceTree = "<group>"; };
		D0E5F6E313F4A661001FC51E /* DDXMLElement.h */ = {isa = PBXFileReference; fileEncoding = 4; lastKnownFileType = sourcecode.c.h; path = DDXMLElement.h; sourceTree = "<group>"; };
		D0E5F6E413F4A661001FC51E /* DDXMLElement.m */ = {isa = PBXFileReference; fileEncoding = 4; lastKnownFileType = sourcecode.c.objc; path = DDXMLElement.m; sourceTree = "<group>"; };
		D0E5F6E513F4A661001FC51E /* DDXMLNode.h */ = {isa = PBXFileReference; fileEncoding = 4; lastKnownFileType = sourcecode.c.h; path = DDXMLNode.h; sourceTree = "<group>"; };
		D0E5F6E613F4A661001FC51E /* DDXMLNode.m */ = {isa = PBXFileReference; fileEncoding = 4; lastKnownFileType = sourcecode.c.objc; path = DDXMLNode.m; sourceTree = "<group>"; };
		D0E5F6E813F4A661001FC51E /* DDXMLPrivate.h */ = {isa = PBXFileReference; fileEncoding = 4; lastKnownFileType = sourcecode.c.h; path = DDXMLPrivate.h; sourceTree = "<group>"; };
		D0E9D3DF152BC52100AB88E8 /* MKNumberBadgeView.h */ = {isa = PBXFileReference; fileEncoding = 4; lastKnownFileType = sourcecode.c.h; path = MKNumberBadgeView.h; sourceTree = "<group>"; };
		D0E9D3E0152BC52100AB88E8 /* MKNumberBadgeView.m */ = {isa = PBXFileReference; fileEncoding = 4; lastKnownFileType = sourcecode.c.objc; path = MKNumberBadgeView.m; sourceTree = "<group>"; };
/* End PBXFileReference section */

/* Begin PBXFrameworksBuildPhase section */
		1D60588F0D05DD3D006BFB54 /* Frameworks */ = {
			isa = PBXFrameworksBuildPhase;
			buildActionMask = 2147483647;
			files = (
				D0549FC2151BCADB00BDE78C /* QuartzCore.framework in Frameworks */,
				D0C85E8B14F595A300C2A499 /* SystemConfiguration.framework in Frameworks */,
				D0CB156614EEF40800FE7CC6 /* DropboxSDK.framework in Frameworks */,
				D0CB156414EEF3D200FE7CC6 /* Security.framework in Frameworks */,
				D0D0EC5014DB719100BE3A81 /* libxml2.dylib in Frameworks */,
				D0D0EC4C14DB712700BE3A81 /* UIKit.framework in Frameworks */,
				D0D0EC4D14DB712F00BE3A81 /* Foundation.framework in Frameworks */,
				D0D0EC4E14DB713A00BE3A81 /* CoreGraphics.framework in Frameworks */,
			);
			runOnlyForDeploymentPostprocessing = 0;
		};
/* End PBXFrameworksBuildPhase section */

/* Begin PBXGroup section */
		080E96DDFE201D6D7F000001 /* Classes */ = {
			isa = PBXGroup;
			children = (
				D0CEE170152F6EC6000F8C2E /* Popover */,
				D09F1D28152CE92D003E8968 /* JMWhenTapped */,
				D0E9D3DE152BC52100AB88E8 /* MKNumberBadgeView */,
				D0549F51151BC37900BDE78C /* MDSpreadView */,
				D0C85E7814F5952400C2A499 /* ConciseKit */,
				D0C85E7314F5929F00C2A499 /* CHDropboxSync */,
				D0E5F6D913F4A661001FC51E /* KissXML */,
				D0C85E7414F593FE00C2A499 /* Reachability */,
				1D3623240D0F684500981E51 /* WordQuizAppDelegate.h */,
				1D3623250D0F684500981E51 /* WordQuizAppDelegate.m */,
				28042007108E984D000629CD /* RootViewController.h */,
				28042008108E984D000629CD /* RootViewController.m */,
				28042009108E984D000629CD /* DetailViewController.h */,
				2804200A108E984D000629CD /* DetailViewController.m */,
				D01DC978121F5981006671A1 /* HomeViewController.h */,
				D01DC979121F5981006671A1 /* HomeViewController.m */,
				D01DC96A121F57F2006671A1 /* FCViewController.h */,
				D01DC96B121F57F2006671A1 /* FCViewController.m */,
				D01DC96C121F57F2006671A1 /* MCViewController.h */,
				D01DC96D121F57F2006671A1 /* MCViewController.m */,
				D01DC96E121F57F2006671A1 /* QAViewController.h */,
				D01DC96F121F57F2006671A1 /* QAViewController.m */,
				D0D2B89214DD963B0049C33E /* AboutViewController.h */,
				D0D2B89314DD963B0049C33E /* AboutViewController.m */,
				D0130A3C125AB58C0085482E /* ModePickerController.h */,
				D0130A3D125AB58C0085482E /* ModePickerController.m */,
				D04CF94F122F371300B446E8 /* iWQQuiz.h */,
				D04CF950122F371300B446E8 /* iWQQuiz.m */,
				D0CC0BEC151D27A00084ACB0 /* WQDocument.h */,
				D0CC0BED151D27A00084ACB0 /* WQDocument.m */,
				D0CC0BEF151E38D90084ACB0 /* WQUtils.h */,
				D0CC0BF0151E38D90084ACB0 /* WQUtils.m */,
				D0CC677615252F2B000D067C /* WQScoreButton.h */,
				D0CC677715252F2B000D067C /* WQScoreButton.m */,
			);
			path = Classes;
			sourceTree = "<group>";
		};
		19C28FACFE9D520D11CA2CBB /* Products */ = {
			isa = PBXGroup;
			children = (
				1D6058910D05DD3D006BFB54 /* WordQuiz.app */,
			);
			name = Products;
			sourceTree = "<group>";
		};
		29B97314FDCFA39411CA2CEA /* CustomTemplate */ = {
			isa = PBXGroup;
			children = (
				D0713DB314DE15820053121A /* WordQuiz.entitlements */,
				D0D0EC4F14DB719100BE3A81 /* libxml2.dylib */,
				D0C791D814F6F1AE000AFF00 /* DBDefines.h */,
				080E96DDFE201D6D7F000001 /* Classes */,
				29B97315FDCFA39411CA2CEA /* Other Sources */,
				29B97317FDCFA39411CA2CEA /* Resources */,
				29B97323FDCFA39411CA2CEA /* Frameworks */,
				19C28FACFE9D520D11CA2CBB /* Products */,
			);
			name = CustomTemplate;
			sourceTree = "<group>";
		};
		29B97315FDCFA39411CA2CEA /* Other Sources */ = {
			isa = PBXGroup;
			children = (
				28A0AAE50D9B0CCF005BE974 /* iWordQuiz_Prefix.pch */,
				29B97316FDCFA39411CA2CEA /* main.m */,
			);
			name = "Other Sources";
			sourceTree = "<group>";
		};
		29B97317FDCFA39411CA2CEA /* Resources */ = {
			isa = PBXGroup;
			children = (
				D0CED4B415362F43005ADD4C /* en.lproj */,
				D0CEE19F152F981F000F8C2E /* Flashcard */,
				D0CEE186152F7FC9000F8C2E /* Popover */,
				D0D2B89514DDAC0D0049C33E /* Examples */,
				D092B32012CD55FE000D7E87 /* Default-Landscape.png */,
				D0C9B16E1517B35A004AC04B /* Default-Landscape@2x.png */,
				D092B32612CD5F90000D7E87 /* Default-Portrait.png */,
				D0C9B16C1517B348004AC04B /* Default-Portrait@2x.png */,
				D01DC8FD121F4252006671A1 /* Icon-72.png */,
				D043038515155575002374F3 /* Icon-144.png */,
				D092B32A12CD620B000D7E87 /* iTunesArtwork.png */,
				D0CA3EC112CD0F6800F7BB72 /* document-icon-64.png */,
				D0C9B16815179F6F004AC04B /* document-icon-128.png */,
				D0CA3EC212CD0F6800F7BB72 /* document-icon-320.png */,
				D0C9B16915179F6F004AC04B /* document-icon-640.png */,
				D0430397151683FD002374F3 /* icon_about.png */,
				D0430398151683FD002374F3 /* icon_about@2x.png */,
				D00B2AE3126E76F000F2EEFC /* background.png */,
				D043038715165A6E002374F3 /* background@2x.png */,
				D074FB1512249EBC00E8C175 /* flashTab.png */,
				D04303A11516893B002374F3 /* flashTab@2x.png */,
				D074FB1712249EBC00E8C175 /* homeTab.png */,
				D043039F1516883E002374F3 /* homeTab@2x.png */,
				D074FB1912249EBC00E8C175 /* multipleTab.png */,
				D04303A21516893B002374F3 /* multipleTab@2x.png */,
				D074FB1A12249EBC00E8C175 /* qaTab.png */,
				D04303A31516893B002374F3 /* qaTab@2x.png */,
				D0C98FEA14F44AFD00412777 /* sync.png */,
				D0C9B16615179ACA004AC04B /* sync@2x.png */,
				8D1107310486CEB800E47090 /* iWordQuiz-Info.plist */,
				D01DC963121F57B0006671A1 /* FCView.xib */,
				D01DC964121F57B0006671A1 /* MCView.xib */,
				D01DC965121F57B0006671A1 /* QAView.xib */,
				D067771D12D6563800FCFFD0 /* AboutView.xib */,
			);
			name = Resources;
			sourceTree = "<group>";
		};
		29B97323FDCFA39411CA2CEA /* Frameworks */ = {
			isa = PBXGroup;
			children = (
				D0549FC1151BCADB00BDE78C /* QuartzCore.framework */,
				D0C85E8A14F595A300C2A499 /* SystemConfiguration.framework */,
				D0CB156514EEF40800FE7CC6 /* DropboxSDK.framework */,
				D0CB156314EEF3D200FE7CC6 /* Security.framework */,
				1DF5F4DF0D08C38300B7A737 /* UIKit.framework */,
				1D30AB110D05D00D00671497 /* Foundation.framework */,
				2892E40F0DC94CBA00A64D0F /* CoreGraphics.framework */,
			);
			name = Frameworks;
			sourceTree = "<group>";
		};
		D0549F51151BC37900BDE78C /* MDSpreadView */ = {
			isa = PBXGroup;
			children = (
				D0549F52151BC37900BDE78C /* Classes */,
				D0549F6C151BC37900BDE78C /* Images */,
			);
			path = MDSpreadView;
			sourceTree = "<group>";
		};
		D0549F52151BC37900BDE78C /* Classes */ = {
			isa = PBXGroup;
			children = (
				D0549F53151BC37900BDE78C /* MDSpreadView.h */,
				D0549F54151BC37900BDE78C /* MDSpreadView.m */,
				D0549F55151BC37900BDE78C /* MDSpreadViewAxisDescriptor.h */,
				D0549F56151BC37900BDE78C /* MDSpreadViewAxisDescriptor.m */,
				D0549F57151BC37900BDE78C /* MDSpreadViewCell.h */,
				D0549F58151BC37900BDE78C /* MDSpreadViewCell.m */,
				D0549F59151BC37900BDE78C /* MDSpreadViewCellBackground.h */,
				D0549F5A151BC37900BDE78C /* MDSpreadViewCellBackground.m */,
				D0549F5B151BC37900BDE78C /* MDSpreadViewCellColumnHeaderBackground.h */,
				D0549F5C151BC37900BDE78C /* MDSpreadViewCellColumnHeaderBackground.m */,
				D0549F5D151BC37900BDE78C /* MDSpreadViewCellCornerHeaderBackground.h */,
				D0549F5E151BC37900BDE78C /* MDSpreadViewCellCornerHeaderBackground.m */,
				D0549F5F151BC37900BDE78C /* MDSpreadViewCellDescriptor.h */,
				D0549F60151BC37900BDE78C /* MDSpreadViewCellDescriptor.m */,
				D0549F61151BC37900BDE78C /* MDSpreadViewCellRowHeaderBackground.h */,
				D0549F62151BC37900BDE78C /* MDSpreadViewCellRowHeaderBackground.m */,
				D0549F63151BC37900BDE78C /* MDSpreadViewClasses.h */,
				D0549F64151BC37900BDE78C /* MDSpreadViewDescriptor.h */,
				D0549F65151BC37900BDE78C /* MDSpreadViewDescriptor.m */,
				D0549F66151BC37900BDE78C /* MDSpreadViewHeaderCell.h */,
				D0549F67151BC37900BDE78C /* MDSpreadViewHeaderCell.m */,
				D0549F68151BC37900BDE78C /* MDSpreadViewSectionDescriptor.h */,
				D0549F69151BC37900BDE78C /* MDSpreadViewSectionDescriptor.m */,
				D0549F6A151BC37900BDE78C /* NSIndexPath+MDSpreadView.h */,
				D0549F6B151BC37900BDE78C /* NSIndexPath+MDSpreadView.m */,
			);
			path = Classes;
			sourceTree = "<group>";
		};
		D0549F6C151BC37900BDE78C /* Images */ = {
			isa = PBXGroup;
			children = (
				D0549F6D151BC37900BDE78C /* MDSpreadViewCell.png */,
				D0549F6E151BC37900BDE78C /* MDSpreadViewCell@2x.png */,
				D0549F6F151BC37900BDE78C /* MDSpreadViewCellSelected.png */,
				D0549F70151BC37900BDE78C /* MDSpreadViewCellSelected@2x.png */,
				D0549F71151BC37900BDE78C /* MDSpreadViewColumnHeaderLeft.png */,
				D0549F72151BC37900BDE78C /* MDSpreadViewColumnHeaderLeft@2x.png */,
				D0549F73151BC37900BDE78C /* MDSpreadViewColumnHeaderLeftSelected.png */,
				D0549F74151BC37900BDE78C /* MDSpreadViewColumnHeaderLeftSelected@2x.png */,
				D0549F75151BC37900BDE78C /* MDSpreadViewColumnHeaderRight.png */,
				D0549F76151BC37900BDE78C /* MDSpreadViewColumnHeaderRight@2x.png */,
				D0549F77151BC37900BDE78C /* MDSpreadViewColumnHeaderRightSelected.png */,
				D0549F78151BC37900BDE78C /* MDSpreadViewColumnHeaderRightSelected@2x.png */,
				D0549F79151BC37900BDE78C /* MDSpreadViewCornerBottomLeft.png */,
				D0549F7A151BC37900BDE78C /* MDSpreadViewCornerBottomLeft@2x.png */,
				D0549F7B151BC37900BDE78C /* MDSpreadViewCornerBottomLeftSelected.png */,
				D0549F7C151BC37900BDE78C /* MDSpreadViewCornerBottomLeftSelected@2x.png */,
				D0549F7D151BC37900BDE78C /* MDSpreadViewCornerBottomRight.png */,
				D0549F7E151BC37900BDE78C /* MDSpreadViewCornerBottomRight@2x.png */,
				D0549F7F151BC37900BDE78C /* MDSpreadViewCornerBottomRightSelected.png */,
				D0549F80151BC37900BDE78C /* MDSpreadViewCornerBottomRightSelected@2x.png */,
				D0549F81151BC37900BDE78C /* MDSpreadViewCornerTopLeft.png */,
				D0549F82151BC37900BDE78C /* MDSpreadViewCornerTopLeft@2x.png */,
				D0549F83151BC37900BDE78C /* MDSpreadViewCornerTopLeftSelected.png */,
				D0549F84151BC37900BDE78C /* MDSpreadViewCornerTopLeftSelected@2x.png */,
				D0549F85151BC37900BDE78C /* MDSpreadViewCornerTopRight.png */,
				D0549F86151BC37900BDE78C /* MDSpreadViewCornerTopRight@2x.png */,
				D0549F87151BC37900BDE78C /* MDSpreadViewCornerTopRightSelected.png */,
				D0549F88151BC37900BDE78C /* MDSpreadViewCornerTopRightSelected@2x.png */,
				D0549F89151BC37900BDE78C /* MDSpreadViewRowHeaderBottom.png */,
				D0549F8A151BC37900BDE78C /* MDSpreadViewRowHeaderBottom@2x.png */,
				D0549F8B151BC37900BDE78C /* MDSpreadViewRowHeaderBottomSelected.png */,
				D0549F8C151BC37900BDE78C /* MDSpreadViewRowHeaderBottomSelected@2x.png */,
				D0549F8D151BC37900BDE78C /* MDSpreadViewRowHeaderTop.png */,
				D0549F8E151BC37900BDE78C /* MDSpreadViewRowHeaderTop@2x.png */,
				D0549F8F151BC37900BDE78C /* MDSpreadViewRowHeaderTopSelected.png */,
				D0549F90151BC37900BDE78C /* MDSpreadViewRowHeaderTopSelected@2x.png */,
			);
			path = Images;
			sourceTree = "<group>";
		};
		D09F1D28152CE92D003E8968 /* JMWhenTapped */ = {
			isa = PBXGroup;
			children = (
				D09F1D29152CE92D003E8968 /* JMWhenTapped.h */,
				D09F1D2A152CE92D003E8968 /* UIView+WhenTappedBlocks.h */,
				D09F1D2B152CE92D003E8968 /* UIView+WhenTappedBlocks.m */,
			);
			path = JMWhenTapped;
			sourceTree = "<group>";
		};
		D0C85E7314F5929F00C2A499 /* CHDropboxSync */ = {
			isa = PBXGroup;
			children = (
				D0C85E8C14F5988100C2A499 /* CHDropboxSync.h */,
				D0C85E8D14F5988100C2A499 /* CHDropboxSync.m */,
				D0C85E8E14F5988100C2A499 /* SyncTask.h */,
				D0C85E8F14F5988100C2A499 /* SyncTask.m */,
			);
			name = CHDropboxSync;
			sourceTree = "<group>";
		};
		D0C85E7414F593FE00C2A499 /* Reachability */ = {
			isa = PBXGroup;
			children = (
				D0C85E7514F593FE00C2A499 /* Reachability.h */,
				D0C85E7614F593FE00C2A499 /* Reachability.m */,
			);
			path = Reachability;
			sourceTree = "<group>";
		};
		D0C85E7814F5952400C2A499 /* ConciseKit */ = {
			isa = PBXGroup;
			children = (
				D0C85E7914F5952400C2A499 /* CKAdditions.h */,
				D0C85E7A14F5952400C2A499 /* CKMacros.h */,
				D0C85E7B14F5952400C2A499 /* CKSingleton.h */,
				D0C85E7C14F5952400C2A499 /* ConciseKit.h */,
				D0C85E7D14F5952400C2A499 /* ConciseKit.m */,
				D0C85E7E14F5952400C2A499 /* NSArray+ConciseKit.h */,
				D0C85E7F14F5952400C2A499 /* NSArray+ConciseKit.m */,
				D0C85E8014F5952400C2A499 /* NSDictionary+ConciseKit.h */,
				D0C85E8114F5952400C2A499 /* NSDictionary+ConciseKit.m */,
				D0C85E8214F5952400C2A499 /* NSString+ConciseKit.h */,
				D0C85E8314F5952400C2A499 /* NSString+ConciseKit.m */,
				D0C85E8414F5952400C2A499 /* README.markdown */,
			);
			path = ConciseKit;
			sourceTree = "<group>";
		};
		D0CED4B415362F43005ADD4C /* en.lproj */ = {
			isa = PBXGroup;
			children = (
				D0CED4B515362F43005ADD4C /* InfoPlist.strings */,
				D0CED4B715362F43005ADD4C /* MainStoryboard_iPad.storyboard */,
				D0CED4B915362F43005ADD4C /* MainStoryboard_iPhone.storyboard */,
			);
			path = en.lproj;
			sourceTree = "<group>";
		};
		D0CEE170152F6EC6000F8C2E /* Popover */ = {
			isa = PBXGroup;
			children = (
				D0CEE171152F6EC6000F8C2E /* UIBarButtonItem+WEPopover.h */,
				D0CEE172152F6EC6000F8C2E /* UIBarButtonItem+WEPopover.m */,
				D0CEE173152F6EC6000F8C2E /* WEPopoverContainerView.h */,
				D0CEE174152F6EC6000F8C2E /* WEPopoverContainerView.m */,
				D0CEE175152F6EC6000F8C2E /* WEPopoverController.h */,
				D0CEE176152F6EC6000F8C2E /* WEPopoverController.m */,
				D0CEE177152F6EC6000F8C2E /* WEPopoverParentView.h */,
				D0CEE178152F6EC6000F8C2E /* WETouchableView.h */,
				D0CEE179152F6EC6000F8C2E /* WETouchableView.m */,
			);
			path = Popover;
			sourceTree = "<group>";
		};
		D0CEE186152F7FC9000F8C2E /* Popover */ = {
			isa = PBXGroup;
			children = (
				D0CEE187152F7FF8000F8C2E /* popoverArrowDown.png */,
				D0CEE188152F7FF8000F8C2E /* popoverArrowDown@2x.png */,
				D0CEE189152F7FF8000F8C2E /* popoverArrowLeft.png */,
				D0CEE18A152F7FF8000F8C2E /* popoverArrowLeft@2x.png */,
				D0CEE18B152F7FF8000F8C2E /* popoverArrowRight.png */,
				D0CEE18C152F7FF8000F8C2E /* popoverArrowRight@2x.png */,
				D0CEE18D152F7FF8000F8C2E /* popoverArrowUp.png */,
				D0CEE18E152F7FF8000F8C2E /* popoverArrowUp@2x.png */,
				D0CEE182152F7F5E000F8C2E /* popoverBg.png */,
				D0CEE183152F7F5E000F8C2E /* popoverBg@2x.png */,
			);
			name = Popover;
			sourceTree = "<group>";
		};
		D0CEE19F152F981F000F8C2E /* Flashcard */ = {
			isa = PBXGroup;
			children = (
				D0CEE197152F9803000F8C2E /* dontknowButton.png */,
				D0CEE198152F9803000F8C2E /* dontknowButton@2x.png */,
				D0CEE199152F9803000F8C2E /* knowButton.png */,
				D0CEE19A152F9803000F8C2E /* knowButton@2x.png */,
				D0C0B84B12823CE40020C111 /* knowButton_225.png */,
				D043039115165F03002374F3 /* knowButton_225@2x.png */,
				D0C0B84C12823CE40020C111 /* dontknowButton_225.png */,
				D043039315165FC2002374F3 /* dontknowButton_225@2x.png */,
			);
			name = Flashcard;
			sourceTree = "<group>";
		};
		D0D2B89514DDAC0D0049C33E /* Examples */ = {
			isa = PBXGroup;
			children = (
				D04BD0B113C90DDC006A7387 /* Example.kvtml */,
				D04BD0B213C90DDC006A7387 /* French Verbs.kvtml */,
				D04BD0B313C90DDC006A7387 /* US States and Capitals.kvtml */,
			);
			name = Examples;
			sourceTree = "<group>";
		};
		D0E5F6D913F4A661001FC51E /* KissXML */ = {
			isa = PBXGroup;
			children = (
				D0E5F6DA13F4A661001FC51E /* Additions */,
				D0E5F6DD13F4A661001FC51E /* Categories */,
				D0E5F6E013F4A661001FC51E /* DDXML.h */,
				D0E5F6E113F4A661001FC51E /* DDXMLDocument.h */,
				D0E5F6E213F4A661001FC51E /* DDXMLDocument.m */,
				D0E5F6E313F4A661001FC51E /* DDXMLElement.h */,
				D0E5F6E413F4A661001FC51E /* DDXMLElement.m */,
				D0E5F6E513F4A661001FC51E /* DDXMLNode.h */,
				D0E5F6E613F4A661001FC51E /* DDXMLNode.m */,
				D0E5F6E713F4A661001FC51E /* Private */,
			);
			path = KissXML;
			sourceTree = "<group>";
		};
		D0E5F6DA13F4A661001FC51E /* Additions */ = {
			isa = PBXGroup;
			children = (
				D0E5F6DB13F4A661001FC51E /* DDXMLElementAdditions.h */,
				D0E5F6DC13F4A661001FC51E /* DDXMLElementAdditions.m */,
			);
			path = Additions;
			sourceTree = "<group>";
		};
		D0E5F6DD13F4A661001FC51E /* Categories */ = {
			isa = PBXGroup;
			children = (
				D0E5F6DE13F4A661001FC51E /* NSString+DDXML.h */,
				D0E5F6DF13F4A661001FC51E /* NSString+DDXML.m */,
			);
			path = Categories;
			sourceTree = "<group>";
		};
		D0E5F6E713F4A661001FC51E /* Private */ = {
			isa = PBXGroup;
			children = (
				D0E5F6E813F4A661001FC51E /* DDXMLPrivate.h */,
			);
			path = Private;
			sourceTree = "<group>";
		};
		D0E9D3DE152BC52100AB88E8 /* MKNumberBadgeView */ = {
			isa = PBXGroup;
			children = (
				D0E9D3DF152BC52100AB88E8 /* MKNumberBadgeView.h */,
				D0E9D3E0152BC52100AB88E8 /* MKNumberBadgeView.m */,
			);
			path = MKNumberBadgeView;
			sourceTree = "<group>";
		};
/* End PBXGroup section */

/* Begin PBXNativeTarget section */
		1D6058900D05DD3D006BFB54 /* iWordQuiz */ = {
			isa = PBXNativeTarget;
			buildConfigurationList = 1D6058960D05DD3E006BFB54 /* Build configuration list for PBXNativeTarget "iWordQuiz" */;
			buildPhases = (
				1D60588D0D05DD3D006BFB54 /* Resources */,
				1D60588E0D05DD3D006BFB54 /* Sources */,
				1D60588F0D05DD3D006BFB54 /* Frameworks */,
			);
			buildRules = (
			);
			dependencies = (
			);
			name = iWordQuiz;
			productName = iWordQuiz;
			productReference = 1D6058910D05DD3D006BFB54 /* WordQuiz.app */;
			productType = "com.apple.product-type.application";
		};
/* End PBXNativeTarget section */

/* Begin PBXProject section */
		29B97313FDCFA39411CA2CEA /* Project object */ = {
			isa = PBXProject;
			attributes = {
				LastUpgradeCheck = 0430;
			};
			buildConfigurationList = C01FCF4E08A954540054247B /* Build configuration list for PBXProject "iWordQuiz" */;
			compatibilityVersion = "Xcode 3.2";
			developmentRegion = English;
			hasScannedForEncodings = 1;
			knownRegions = (
				English,
				Japanese,
				French,
				German,
				en,
			);
			mainGroup = 29B97314FDCFA39411CA2CEA /* CustomTemplate */;
			projectDirPath = "";
			projectRoot = "";
			targets = (
				1D6058900D05DD3D006BFB54 /* iWordQuiz */,
			);
		};
/* End PBXProject section */

/* Begin PBXResourcesBuildPhase section */
		1D60588D0D05DD3D006BFB54 /* Resources */ = {
			isa = PBXResourcesBuildPhase;
			buildActionMask = 2147483647;
			files = (
				D01DC8FE121F4252006671A1 /* Icon-72.png in Resources */,
				D01DC966121F57B0006671A1 /* FCView.xib in Resources */,
				D01DC967121F57B0006671A1 /* MCView.xib in Resources */,
				D01DC968121F57B0006671A1 /* QAView.xib in Resources */,
				D074FB1C12249EBC00E8C175 /* flashTab.png in Resources */,
				D074FB1E12249EBC00E8C175 /* homeTab.png in Resources */,
				D074FB2012249EBC00E8C175 /* multipleTab.png in Resources */,
				D074FB2112249EBC00E8C175 /* qaTab.png in Resources */,
				D00B2AE4126E76F000F2EEFC /* background.png in Resources */,
				D0C0B84F12823CE40020C111 /* knowButton_225.png in Resources */,
				D0C0B85012823CE40020C111 /* dontknowButton_225.png in Resources */,
				D0CA3EC312CD0F6800F7BB72 /* document-icon-64.png in Resources */,
				D0CA3EC412CD0F6800F7BB72 /* document-icon-320.png in Resources */,
				D092B32112CD55FE000D7E87 /* Default-Landscape.png in Resources */,
				D092B32712CD5F90000D7E87 /* Default-Portrait.png in Resources */,
				D092B32B12CD620B000D7E87 /* iTunesArtwork.png in Resources */,
				D067771F12D6563800FCFFD0 /* AboutView.xib in Resources */,
				D04BD0B413C90DDC006A7387 /* Example.kvtml in Resources */,
				D04BD0B513C90DDC006A7387 /* French Verbs.kvtml in Resources */,
				D04BD0B613C90DDC006A7387 /* US States and Capitals.kvtml in Resources */,
				D0C98FEB14F44AFD00412777 /* sync.png in Resources */,
				D0C85E8914F5952400C2A499 /* README.markdown in Resources */,
				D043038615155575002374F3 /* Icon-144.png in Resources */,
				D043038815165A6E002374F3 /* background@2x.png in Resources */,
				D043039215165F03002374F3 /* knowButton_225@2x.png in Resources */,
				D043039415165FC3002374F3 /* dontknowButton_225@2x.png in Resources */,
				D0430399151683FD002374F3 /* icon_about.png in Resources */,
				D043039A151683FD002374F3 /* icon_about@2x.png in Resources */,
				D04303A01516883E002374F3 /* homeTab@2x.png in Resources */,
				D04303A41516893B002374F3 /* flashTab@2x.png in Resources */,
				D04303A51516893B002374F3 /* multipleTab@2x.png in Resources */,
				D04303A61516893B002374F3 /* qaTab@2x.png in Resources */,
				D0C9B16715179ACA004AC04B /* sync@2x.png in Resources */,
				D0C9B16A15179F6F004AC04B /* document-icon-128.png in Resources */,
				D0C9B16B15179F6F004AC04B /* document-icon-640.png in Resources */,
				D0C9B16D1517B349004AC04B /* Default-Portrait@2x.png in Resources */,
				D0C9B16F1517B35A004AC04B /* Default-Landscape@2x.png in Resources */,
				D0549F9D151BC37900BDE78C /* MDSpreadViewCell.png in Resources */,
				D0549F9E151BC37900BDE78C /* MDSpreadViewCell@2x.png in Resources */,
				D0549F9F151BC37900BDE78C /* MDSpreadViewCellSelected.png in Resources */,
				D0549FA0151BC37900BDE78C /* MDSpreadViewCellSelected@2x.png in Resources */,
				D0549FA1151BC37900BDE78C /* MDSpreadViewColumnHeaderLeft.png in Resources */,
				D0549FA2151BC37900BDE78C /* MDSpreadViewColumnHeaderLeft@2x.png in Resources */,
				D0549FA3151BC37900BDE78C /* MDSpreadViewColumnHeaderLeftSelected.png in Resources */,
				D0549FA4151BC37900BDE78C /* MDSpreadViewColumnHeaderLeftSelected@2x.png in Resources */,
				D0549FA5151BC37900BDE78C /* MDSpreadViewColumnHeaderRight.png in Resources */,
				D0549FA6151BC37900BDE78C /* MDSpreadViewColumnHeaderRight@2x.png in Resources */,
				D0549FA7151BC37900BDE78C /* MDSpreadViewColumnHeaderRightSelected.png in Resources */,
				D0549FA8151BC37900BDE78C /* MDSpreadViewColumnHeaderRightSelected@2x.png in Resources */,
				D0549FA9151BC37900BDE78C /* MDSpreadViewCornerBottomLeft.png in Resources */,
				D0549FAA151BC37900BDE78C /* MDSpreadViewCornerBottomLeft@2x.png in Resources */,
				D0549FAB151BC37900BDE78C /* MDSpreadViewCornerBottomLeftSelected.png in Resources */,
				D0549FAC151BC37900BDE78C /* MDSpreadViewCornerBottomLeftSelected@2x.png in Resources */,
				D0549FAD151BC37900BDE78C /* MDSpreadViewCornerBottomRight.png in Resources */,
				D0549FAE151BC37900BDE78C /* MDSpreadViewCornerBottomRight@2x.png in Resources */,
				D0549FAF151BC37900BDE78C /* MDSpreadViewCornerBottomRightSelected.png in Resources */,
				D0549FB0151BC37900BDE78C /* MDSpreadViewCornerBottomRightSelected@2x.png in Resources */,
				D0549FB1151BC37900BDE78C /* MDSpreadViewCornerTopLeft.png in Resources */,
				D0549FB2151BC37900BDE78C /* MDSpreadViewCornerTopLeft@2x.png in Resources */,
				D0549FB3151BC37900BDE78C /* MDSpreadViewCornerTopLeftSelected.png in Resources */,
				D0549FB4151BC37900BDE78C /* MDSpreadViewCornerTopLeftSelected@2x.png in Resources */,
				D0549FB5151BC37900BDE78C /* MDSpreadViewCornerTopRight.png in Resources */,
				D0549FB6151BC37900BDE78C /* MDSpreadViewCornerTopRight@2x.png in Resources */,
				D0549FB7151BC37900BDE78C /* MDSpreadViewCornerTopRightSelected.png in Resources */,
				D0549FB8151BC37900BDE78C /* MDSpreadViewCornerTopRightSelected@2x.png in Resources */,
				D0549FB9151BC37900BDE78C /* MDSpreadViewRowHeaderBottom.png in Resources */,
				D0549FBA151BC37900BDE78C /* MDSpreadViewRowHeaderBottom@2x.png in Resources */,
				D0549FBB151BC37900BDE78C /* MDSpreadViewRowHeaderBottomSelected.png in Resources */,
				D0549FBC151BC37900BDE78C /* MDSpreadViewRowHeaderBottomSelected@2x.png in Resources */,
				D0549FBD151BC37900BDE78C /* MDSpreadViewRowHeaderTop.png in Resources */,
				D0549FBE151BC37900BDE78C /* MDSpreadViewRowHeaderTop@2x.png in Resources */,
				D0549FBF151BC37900BDE78C /* MDSpreadViewRowHeaderTopSelected.png in Resources */,
				D0549FC0151BC37900BDE78C /* MDSpreadViewRowHeaderTopSelected@2x.png in Resources */,
				D0CEE184152F7F5E000F8C2E /* popoverBg.png in Resources */,
				D0CEE185152F7F5E000F8C2E /* popoverBg@2x.png in Resources */,
				D0CEE18F152F7FF8000F8C2E /* popoverArrowDown.png in Resources */,
				D0CEE190152F7FF8000F8C2E /* popoverArrowDown@2x.png in Resources */,
				D0CEE191152F7FF8000F8C2E /* popoverArrowLeft.png in Resources */,
				D0CEE192152F7FF8000F8C2E /* popoverArrowLeft@2x.png in Resources */,
				D0CEE193152F7FF8000F8C2E /* popoverArrowRight.png in Resources */,
				D0CEE194152F7FF8000F8C2E /* popoverArrowRight@2x.png in Resources */,
				D0CEE195152F7FF8000F8C2E /* popoverArrowUp.png in Resources */,
				D0CEE196152F7FF8000F8C2E /* popoverArrowUp@2x.png in Resources */,
				D0CEE19B152F9803000F8C2E /* dontknowButton.png in Resources */,
				D0CEE19C152F9803000F8C2E /* dontknowButton@2x.png in Resources */,
				D0CEE19D152F9803000F8C2E /* knowButton.png in Resources */,
				D0CEE19E152F9803000F8C2E /* knowButton@2x.png in Resources */,
				D0CED4BB15362F43005ADD4C /* InfoPlist.strings in Resources */,
				D0CED4BC15362F43005ADD4C /* MainStoryboard_iPad.storyboard in Resources */,
				D0CED4BD15362F43005ADD4C /* MainStoryboard_iPhone.storyboard in Resources */,
			);
			runOnlyForDeploymentPostprocessing = 0;
		};
/* End PBXResourcesBuildPhase section */

/* Begin PBXSourcesBuildPhase section */
		1D60588E0D05DD3D006BFB54 /* Sources */ = {
			isa = PBXSourcesBuildPhase;
			buildActionMask = 2147483647;
			files = (
				1D60589B0D05DD56006BFB54 /* main.m in Sources */,
				1D3623260D0F684500981E51 /* WordQuizAppDelegate.m in Sources */,
				2804200B108E984D000629CD /* RootViewController.m in Sources */,
				2804200C108E984D000629CD /* DetailViewController.m in Sources */,
				D01DC970121F57F2006671A1 /* FCViewController.m in Sources */,
				D01DC971121F57F2006671A1 /* MCViewController.m in Sources */,
				D01DC972121F57F2006671A1 /* QAViewController.m in Sources */,
				D01DC97B121F5981006671A1 /* HomeViewController.m in Sources */,
				D04CF951122F371300B446E8 /* iWQQuiz.m in Sources */,
				D0130A3E125AB58C0085482E /* ModePickerController.m in Sources */,
				D0E5F6E913F4A661001FC51E /* DDXMLElementAdditions.m in Sources */,
				D0E5F6EA13F4A661001FC51E /* NSString+DDXML.m in Sources */,
				D0E5F6EB13F4A661001FC51E /* DDXMLDocument.m in Sources */,
				D0E5F6EC13F4A661001FC51E /* DDXMLElement.m in Sources */,
				D0E5F6ED13F4A661001FC51E /* DDXMLNode.m in Sources */,
				D0D2B89414DD963B0049C33E /* AboutViewController.m in Sources */,
				D0C85E7714F593FE00C2A499 /* Reachability.m in Sources */,
				D0C85E8514F5952400C2A499 /* ConciseKit.m in Sources */,
				D0C85E8614F5952400C2A499 /* NSArray+ConciseKit.m in Sources */,
				D0C85E8714F5952400C2A499 /* NSDictionary+ConciseKit.m in Sources */,
				D0C85E8814F5952400C2A499 /* NSString+ConciseKit.m in Sources */,
				D0C85E9014F5988100C2A499 /* CHDropboxSync.m in Sources */,
				D0C85E9114F5988100C2A499 /* SyncTask.m in Sources */,
				D0549F91151BC37900BDE78C /* MDSpreadView.m in Sources */,
				D0549F92151BC37900BDE78C /* MDSpreadViewAxisDescriptor.m in Sources */,
				D0549F93151BC37900BDE78C /* MDSpreadViewCell.m in Sources */,
				D0549F94151BC37900BDE78C /* MDSpreadViewCellBackground.m in Sources */,
				D0549F95151BC37900BDE78C /* MDSpreadViewCellColumnHeaderBackground.m in Sources */,
				D0549F96151BC37900BDE78C /* MDSpreadViewCellCornerHeaderBackground.m in Sources */,
				D0549F97151BC37900BDE78C /* MDSpreadViewCellDescriptor.m in Sources */,
				D0549F98151BC37900BDE78C /* MDSpreadViewCellRowHeaderBackground.m in Sources */,
				D0549F99151BC37900BDE78C /* MDSpreadViewDescriptor.m in Sources */,
				D0549F9A151BC37900BDE78C /* MDSpreadViewHeaderCell.m in Sources */,
				D0549F9B151BC37900BDE78C /* MDSpreadViewSectionDescriptor.m in Sources */,
				D0549F9C151BC37900BDE78C /* NSIndexPath+MDSpreadView.m in Sources */,
				D0CC0BEE151D27A00084ACB0 /* WQDocument.m in Sources */,
				D0CC0BF1151E38DA0084ACB0 /* WQUtils.m in Sources */,
				D0CC677815252F2B000D067C /* WQScoreButton.m in Sources */,
				D0E9D3E1152BC52100AB88E8 /* MKNumberBadgeView.m in Sources */,
				D09F1D2C152CE92D003E8968 /* UIView+WhenTappedBlocks.m in Sources */,
				D0CEE17A152F6EC6000F8C2E /* UIBarButtonItem+WEPopover.m in Sources */,
				D0CEE17B152F6EC6000F8C2E /* WEPopoverContainerView.m in Sources */,
				D0CEE17C152F6EC6000F8C2E /* WEPopoverController.m in Sources */,
				D0CEE17D152F6EC6000F8C2E /* WETouchableView.m in Sources */,
			);
			runOnlyForDeploymentPostprocessing = 0;
		};
/* End PBXSourcesBuildPhase section */

/* Begin PBXVariantGroup section */
		D0CED4B515362F43005ADD4C /* InfoPlist.strings */ = {
			isa = PBXVariantGroup;
			children = (
				D0CED4B615362F43005ADD4C /* en */,
			);
			name = InfoPlist.strings;
			sourceTree = "<group>";
		};
		D0CED4B715362F43005ADD4C /* MainStoryboard_iPad.storyboard */ = {
			isa = PBXVariantGroup;
			children = (
				D0CED4B815362F43005ADD4C /* en */,
			);
			name = MainStoryboard_iPad.storyboard;
			sourceTree = "<group>";
		};
		D0CED4B915362F43005ADD4C /* MainStoryboard_iPhone.storyboard */ = {
			isa = PBXVariantGroup;
			children = (
				D0CED4BA15362F43005ADD4C /* en */,
			);
			name = MainStoryboard_iPhone.storyboard;
			sourceTree = "<group>";
		};
/* End PBXVariantGroup section */

/* Begin XCBuildConfiguration section */
		1D6058940D05DD3E006BFB54 /* Debug */ = {
			isa = XCBuildConfiguration;
			buildSettings = {
				ALWAYS_SEARCH_USER_PATHS = NO;
				CODE_SIGN_IDENTITY = "iPhone Developer";
				"CODE_SIGN_IDENTITY[sdk=iphoneos*]" = "iPhone Developer";
				"CODE_SIGN_IDENTITY[sdk=iphoneos4.2]" = "iPhone Developer";
				COPY_PHASE_STRIP = NO;
				FRAMEWORK_SEARCH_PATHS = (
					"$(inherited)",
					"\"$(SRCROOT)/../dropbox-ios-sdk-1.1\"",
				);
				GCC_DYNAMIC_NO_PIC = NO;
				GCC_OPTIMIZATION_LEVEL = 0;
				GCC_PRECOMPILE_PREFIX_HEADER = YES;
				GCC_PREFIX_HEADER = iWordQuiz_Prefix.pch;
				GCC_VERSION = com.apple.compilers.llvm.clang.1_0;
				HEADER_SEARCH_PATHS = /usr/include/libxml2;
				INFOPLIST_FILE = "iWordQuiz-Info.plist";
				INFOPLIST_OUTPUT_FORMAT = binary;
				INFOPLIST_PREFIX_HEADER = DBDefines.h;
				INFOPLIST_PREPROCESS = YES;
				IPHONEOS_DEPLOYMENT_TARGET = 5.0;
				OTHER_LDFLAGS = "-lxml2";
				PRODUCT_NAME = WordQuiz;
				PROVISIONING_PROFILE = "";
				"PROVISIONING_PROFILE[sdk=iphoneos*]" = "";
				"PROVISIONING_PROFILE[sdk=iphoneos4.2]" = "";
				SDKROOT = iphoneos;
				TARGETED_DEVICE_FAMILY = "1,2";
			};
			name = Debug;
		};
		1D6058950D05DD3E006BFB54 /* Release */ = {
			isa = XCBuildConfiguration;
			buildSettings = {
				ALWAYS_SEARCH_USER_PATHS = NO;
				CODE_SIGN_IDENTITY = "iPhone Developer";
				"CODE_SIGN_IDENTITY[sdk=iphoneos*]" = "iPhone Developer";
				"CODE_SIGN_IDENTITY[sdk=iphoneos4.2]" = "iPhone Developer";
				COPY_PHASE_STRIP = YES;
				FRAMEWORK_SEARCH_PATHS = (
					"$(inherited)",
					"\"$(SRCROOT)/../dropbox-ios-sdk-1.1\"",
				);
				GCC_PRECOMPILE_PREFIX_HEADER = YES;
				GCC_PREFIX_HEADER = iWordQuiz_Prefix.pch;
				GCC_VERSION = com.apple.compilers.llvm.clang.1_0;
				HEADER_SEARCH_PATHS = /usr/include/libxml2;
				INFOPLIST_FILE = "iWordQuiz-Info.plist";
				INFOPLIST_OUTPUT_FORMAT = binary;
				INFOPLIST_PREFIX_HEADER = DBDefines.h;
				INFOPLIST_PREPROCESS = YES;
				IPHONEOS_DEPLOYMENT_TARGET = 5.0;
				OTHER_LDFLAGS = "-lxml2";
				PRODUCT_NAME = WordQuiz;
				PROVISIONING_PROFILE = "";
				"PROVISIONING_PROFILE[sdk=iphoneos*]" = "";
				"PROVISIONING_PROFILE[sdk=iphoneos4.2]" = "";
				SDKROOT = iphoneos;
				TARGETED_DEVICE_FAMILY = "1,2";
				VALIDATE_PRODUCT = YES;
			};
			name = Release;
		};
		C01FCF4F08A954540054247B /* Debug */ = {
			isa = XCBuildConfiguration;
			buildSettings = {
				ARCHS = "$(ARCHS_UNIVERSAL_IPHONE_OS)";
				CODE_SIGN_IDENTITY = "iPhone Developer";
				"CODE_SIGN_IDENTITY[sdk=iphoneos*]" = "iPhone Developer";
				"CODE_SIGN_IDENTITY[sdk=iphoneos4.2]" = "iPhone Developer";
				CURRENT_PROJECT_VERSION = 10;
				GCC_C_LANGUAGE_STANDARD = c99;
				GCC_WARN_ABOUT_RETURN_TYPE = YES;
				GCC_WARN_UNUSED_VARIABLE = YES;
				HEADER_SEARCH_PATHS = /usr/include/libxml2;
				IPHONEOS_DEPLOYMENT_TARGET = 5.0;
				OTHER_LDFLAGS = "-lxml2";
				PROVISIONING_PROFILE = "";
				"PROVISIONING_PROFILE[sdk=iphoneos*]" = "";
				"PROVISIONING_PROFILE[sdk=iphoneos4.2]" = "";
				SDKROOT = iphoneos;
				TARGETED_DEVICE_FAMILY = 2;
				VERSIONING_SYSTEM = "apple-generic";
			};
			name = Debug;
		};
		C01FCF5008A954540054247B /* Release */ = {
			isa = XCBuildConfiguration;
			buildSettings = {
				ARCHS = "$(ARCHS_UNIVERSAL_IPHONE_OS)";
				CODE_SIGN_IDENTITY = "iPhone Developer";
				"CODE_SIGN_IDENTITY[sdk=iphoneos*]" = "iPhone Developer";
				"CODE_SIGN_IDENTITY[sdk=iphoneos4.2]" = "iPhone Developer";
				CURRENT_PROJECT_VERSION = 10;
				GCC_C_LANGUAGE_STANDARD = c99;
				GCC_WARN_ABOUT_RETURN_TYPE = YES;
				GCC_WARN_UNUSED_VARIABLE = YES;
				HEADER_SEARCH_PATHS = /usr/include/libxml2;
				IPHONEOS_DEPLOYMENT_TARGET = 5.0;
				OTHER_CFLAGS = "-DNS_BLOCK_ASSERTIONS=1";
				OTHER_LDFLAGS = "-lxml2";
				PROVISIONING_PROFILE = "";
				"PROVISIONING_PROFILE[sdk=iphoneos*]" = "";
				"PROVISIONING_PROFILE[sdk=iphoneos4.2]" = "";
				SDKROOT = iphoneos;
				TARGETED_DEVICE_FAMILY = 2;
				VERSIONING_SYSTEM = "apple-generic";
			};
			name = Release;
		};
/* End XCBuildConfiguration section */

/* Begin XCConfigurationList section */
		1D6058960D05DD3E006BFB54 /* Build configuration list for PBXNativeTarget "iWordQuiz" */ = {
			isa = XCConfigurationList;
			buildConfigurations = (
				1D6058940D05DD3E006BFB54 /* Debug */,
				1D6058950D05DD3E006BFB54 /* Release */,
			);
			defaultConfigurationIsVisible = 0;
			defaultConfigurationName = Release;
		};
		C01FCF4E08A954540054247B /* Build configuration list for PBXProject "iWordQuiz" */ = {
			isa = XCConfigurationList;
			buildConfigurations = (
				C01FCF4F08A954540054247B /* Debug */,
				C01FCF5008A954540054247B /* Release */,
			);
			defaultConfigurationIsVisible = 0;
			defaultConfigurationName = Release;
		};
/* End XCConfigurationList section */
	};
	rootObject = 29B97313FDCFA39411CA2CEA /* Project object */;
}
